// !$*UTF8*$!
{
    archiveVersion = 1;
    classes = {};
    objectVersion = 46;
    rootObject = __RootObject_;
    objects = {
        __RootObject_ = {
            isa = PBXProject;
            attributes = {LastUpgradeCheck = 9999;};
            buildConfigurationList = ___RootConfs_;
            compatibilityVersion = 'Xcode 3.2';
            developmentRegion = English;
            hasScannedForEncodings = 0;
            knownRegions = (en);
            mainGroup = ___RootGroup_;
            productRefGroup = ____Products_;
            projectDirPath = '';
            projectRoot = '';
            targets = (______Target_Spectre, ______Target_PathKit, ______Target_Stencil, ______Target_Witness, ______Target_TyphoonSwift, ______Target_TyphoonPackageTests);
        };
        '__PBXFileRef_Package.swift' = {
            isa = PBXFileReference;
            lastKnownFileType = sourcecode.swift;
            path = 'Package.swift';
            sourceTree = '<group>';
        };
        ___RootGroup_ = {
            isa = PBXGroup;
            children = ('__PBXFileRef_Package.swift', _____Configs_, _____Sources_,  Dependencies_, _______Tests_, ____Products_);
            sourceTree = '<group>';
        };
        _______Group_Spectre = {
            isa = PBXGroup;
            name = 'Spectre';
            path = 'Packages/Spectre-0.7.1/Sources';
            sourceTree = '<group>';
            children = ('__PBXFileRef_Packages/Spectre-0.7.1/Sources/Case.swift', '__PBXFileRef_Packages/Spectre-0.7.1/Sources/Context.swift', '__PBXFileRef_Packages/Spectre-0.7.1/Sources/Expectation.swift', '__PBXFileRef_Packages/Spectre-0.7.1/Sources/Failure.swift', '__PBXFileRef_Packages/Spectre-0.7.1/Sources/Global.swift', '__PBXFileRef_Packages/Spectre-0.7.1/Sources/GlobalContext.swift', '__PBXFileRef_Packages/Spectre-0.7.1/Sources/Reporter.swift', '__PBXFileRef_Packages/Spectre-0.7.1/Sources/Reporters.swift');
        };
        '__PBXFileRef_Packages/Spectre-0.7.1/Sources/Case.swift' = {
            isa = PBXFileReference;
            lastKnownFileType = sourcecode.swift;
            path = 'Case.swift';
            sourceTree = '<group>';
        };
        '__PBXFileRef_Packages/Spectre-0.7.1/Sources/Context.swift' = {
            isa = PBXFileReference;
            lastKnownFileType = sourcecode.swift;
            path = 'Context.swift';
            sourceTree = '<group>';
        };
        '__PBXFileRef_Packages/Spectre-0.7.1/Sources/Expectation.swift' = {
            isa = PBXFileReference;
            lastKnownFileType = sourcecode.swift;
            path = 'Expectation.swift';
            sourceTree = '<group>';
        };
        '__PBXFileRef_Packages/Spectre-0.7.1/Sources/Failure.swift' = {
            isa = PBXFileReference;
            lastKnownFileType = sourcecode.swift;
            path = 'Failure.swift';
            sourceTree = '<group>';
        };
        '__PBXFileRef_Packages/Spectre-0.7.1/Sources/Global.swift' = {
            isa = PBXFileReference;
            lastKnownFileType = sourcecode.swift;
            path = 'Global.swift';
            sourceTree = '<group>';
        };
        '__PBXFileRef_Packages/Spectre-0.7.1/Sources/GlobalContext.swift' = {
            isa = PBXFileReference;
            lastKnownFileType = sourcecode.swift;
            path = 'GlobalContext.swift';
            sourceTree = '<group>';
        };
        '__PBXFileRef_Packages/Spectre-0.7.1/Sources/Reporter.swift' = {
            isa = PBXFileReference;
            lastKnownFileType = sourcecode.swift;
            path = 'Reporter.swift';
            sourceTree = '<group>';
        };
        '__PBXFileRef_Packages/Spectre-0.7.1/Sources/Reporters.swift' = {
            isa = PBXFileReference;
            lastKnownFileType = sourcecode.swift;
            path = 'Reporters.swift';
            sourceTree = '<group>';
        };
        ______Target_Spectre = {
            isa = PBXNativeTarget;
            buildConfigurationList = _______Confs_Spectre;
            buildPhases = (CompilePhase_Spectre, ___LinkPhase_Spectre);
            buildRules = ();
            dependencies = ();
            name = 'Spectre';
            productName = Spectre;
            productReference = _____Product_Spectre;
            productType = 'com.apple.product-type.framework';
        };
        _____Product_Spectre = {
            isa = PBXFileReference;
            explicitFileType = 'wrapper.framework';
            path = 'Spectre.framework';
            sourceTree = BUILT_PRODUCTS_DIR;
        };
        CompilePhase_Spectre = {
            isa = PBXSourcesBuildPhase;
            files = ('__src_cc_ref_Packages/Spectre-0.7.1/Sources/Case.swift', '__src_cc_ref_Packages/Spectre-0.7.1/Sources/Context.swift', '__src_cc_ref_Packages/Spectre-0.7.1/Sources/Expectation.swift', '__src_cc_ref_Packages/Spectre-0.7.1/Sources/Failure.swift', '__src_cc_ref_Packages/Spectre-0.7.1/Sources/Global.swift', '__src_cc_ref_Packages/Spectre-0.7.1/Sources/GlobalContext.swift', '__src_cc_ref_Packages/Spectre-0.7.1/Sources/Reporter.swift', '__src_cc_ref_Packages/Spectre-0.7.1/Sources/Reporters.swift');
            runOnlyForDeploymentPostprocessing = 0;
        };
        '__src_cc_ref_Packages/Spectre-0.7.1/Sources/Case.swift' = {
            isa = PBXBuildFile;
            fileRef = '__PBXFileRef_Packages/Spectre-0.7.1/Sources/Case.swift';
        };
        '__src_cc_ref_Packages/Spectre-0.7.1/Sources/Context.swift' = {
            isa = PBXBuildFile;
            fileRef = '__PBXFileRef_Packages/Spectre-0.7.1/Sources/Context.swift';
        };
        '__src_cc_ref_Packages/Spectre-0.7.1/Sources/Expectation.swift' = {
            isa = PBXBuildFile;
            fileRef = '__PBXFileRef_Packages/Spectre-0.7.1/Sources/Expectation.swift';
        };
        '__src_cc_ref_Packages/Spectre-0.7.1/Sources/Failure.swift' = {
            isa = PBXBuildFile;
            fileRef = '__PBXFileRef_Packages/Spectre-0.7.1/Sources/Failure.swift';
        };
        '__src_cc_ref_Packages/Spectre-0.7.1/Sources/Global.swift' = {
            isa = PBXBuildFile;
            fileRef = '__PBXFileRef_Packages/Spectre-0.7.1/Sources/Global.swift';
        };
        '__src_cc_ref_Packages/Spectre-0.7.1/Sources/GlobalContext.swift' = {
            isa = PBXBuildFile;
            fileRef = '__PBXFileRef_Packages/Spectre-0.7.1/Sources/GlobalContext.swift';
        };
        '__src_cc_ref_Packages/Spectre-0.7.1/Sources/Reporter.swift' = {
            isa = PBXBuildFile;
            fileRef = '__PBXFileRef_Packages/Spectre-0.7.1/Sources/Reporter.swift';
        };
        '__src_cc_ref_Packages/Spectre-0.7.1/Sources/Reporters.swift' = {
            isa = PBXBuildFile;
            fileRef = '__PBXFileRef_Packages/Spectre-0.7.1/Sources/Reporters.swift';
        };
        ___LinkPhase_Spectre = {
            isa = PBXFrameworksBuildPhase;
            files = ();
            runOnlyForDeploymentPostprocessing = 0;
        };
        _______Confs_Spectre = {
            isa = XCConfigurationList;
            buildConfigurations = (___DebugConf_Spectre, _ReleaseConf_Spectre);
            defaultConfigurationIsVisible = 0;
            defaultConfigurationName = Debug;
        };
        ___DebugConf_Spectre = {
            isa = XCBuildConfiguration;
            buildSettings = { SWIFT_VERSION = '3.0'; LD_RUNPATH_SEARCH_PATHS = '$(TOOLCHAIN_DIR)/usr/lib/swift/macosx'; PRODUCT_MODULE_NAME = '$(TARGET_NAME:c99extidentifier)'; ENABLE_TESTABILITY = 'YES'; OTHER_SWIFT_FLAGS = '$(inherited)'; INFOPLIST_FILE = 'TyphoonSwift.xcodeproj/Spectre_Info.plist'; FRAMEWORK_SEARCH_PATHS = '$(PLATFORM_DIR)/Developer/Library/Frameworks'; SWIFT_OPTIMIZATION_LEVEL = '-Onone'; PRODUCT_BUNDLE_IDENTIFIER = 'Spectre'; PRODUCT_NAME = '$(TARGET_NAME:c99extidentifier)'; OTHER_LDFLAGS = '$(inherited)'; };
            name = Debug;
        };
        _ReleaseConf_Spectre = {
            isa = XCBuildConfiguration;
            buildSettings = { SWIFT_VERSION = '3.0'; LD_RUNPATH_SEARCH_PATHS = '$(TOOLCHAIN_DIR)/usr/lib/swift/macosx'; PRODUCT_MODULE_NAME = '$(TARGET_NAME:c99extidentifier)'; ENABLE_TESTABILITY = 'YES'; OTHER_SWIFT_FLAGS = '$(inherited)'; INFOPLIST_FILE = 'TyphoonSwift.xcodeproj/Spectre_Info.plist'; FRAMEWORK_SEARCH_PATHS = '$(PLATFORM_DIR)/Developer/Library/Frameworks'; PRODUCT_BUNDLE_IDENTIFIER = 'Spectre'; PRODUCT_NAME = '$(TARGET_NAME:c99extidentifier)'; OTHER_LDFLAGS = '$(inherited)'; };
            name = Release;
        };
        __Dependency_Spectre = {
            isa = PBXTargetDependency;
            target = ______Target_Spectre;
        };
        _______Group_PathKit = {
            isa = PBXGroup;
            name = 'PathKit';
            path = 'Packages/PathKit-0.7.0/Sources';
            sourceTree = '<group>';
            children = ('__PBXFileRef_Packages/PathKit-0.7.0/Sources/PathKit.swift');
        };
        '__PBXFileRef_Packages/PathKit-0.7.0/Sources/PathKit.swift' = {
            isa = PBXFileReference;
            lastKnownFileType = sourcecode.swift;
            path = 'PathKit.swift';
            sourceTree = '<group>';
        };
        ______Target_PathKit = {
            isa = PBXNativeTarget;
            buildConfigurationList = _______Confs_PathKit;
            buildPhases = (CompilePhase_PathKit, ___LinkPhase_PathKit);
            buildRules = ();
            dependencies = (__Dependency_Spectre);
            name = 'PathKit';
            productName = PathKit;
            productReference = _____Product_PathKit;
            productType = 'com.apple.product-type.framework';
        };
        _____Product_PathKit = {
            isa = PBXFileReference;
            explicitFileType = 'wrapper.framework';
            path = 'PathKit.framework';
            sourceTree = BUILT_PRODUCTS_DIR;
        };
        CompilePhase_PathKit = {
            isa = PBXSourcesBuildPhase;
            files = ('__src_cc_ref_Packages/PathKit-0.7.0/Sources/PathKit.swift');
            runOnlyForDeploymentPostprocessing = 0;
        };
        '__src_cc_ref_Packages/PathKit-0.7.0/Sources/PathKit.swift' = {
            isa = PBXBuildFile;
            fileRef = '__PBXFileRef_Packages/PathKit-0.7.0/Sources/PathKit.swift';
        };
        ___LinkPhase_PathKit = {
            isa = PBXFrameworksBuildPhase;
            files = (_LinkFileRef_Spectre_via_PathKit);
            runOnlyForDeploymentPostprocessing = 0;
        };
        _LinkFileRef_Spectre_via_PathKit = {
            isa = PBXBuildFile;
            fileRef = _____Product_Spectre;
        };
        _______Confs_PathKit = {
            isa = XCConfigurationList;
            buildConfigurations = (___DebugConf_PathKit, _ReleaseConf_PathKit);
            defaultConfigurationIsVisible = 0;
            defaultConfigurationName = Debug;
        };
        ___DebugConf_PathKit = {
            isa = XCBuildConfiguration;
            buildSettings = { SWIFT_VERSION = '3.0'; LD_RUNPATH_SEARCH_PATHS = '$(TOOLCHAIN_DIR)/usr/lib/swift/macosx'; PRODUCT_MODULE_NAME = '$(TARGET_NAME:c99extidentifier)'; ENABLE_TESTABILITY = 'YES'; OTHER_SWIFT_FLAGS = '$(inherited)'; INFOPLIST_FILE = 'TyphoonSwift.xcodeproj/PathKit_Info.plist'; FRAMEWORK_SEARCH_PATHS = '$(PLATFORM_DIR)/Developer/Library/Frameworks'; SWIFT_OPTIMIZATION_LEVEL = '-Onone'; PRODUCT_BUNDLE_IDENTIFIER = 'PathKit'; PRODUCT_NAME = '$(TARGET_NAME:c99extidentifier)'; OTHER_LDFLAGS = '$(inherited)'; };
            name = Debug;
        };
        _ReleaseConf_PathKit = {
            isa = XCBuildConfiguration;
            buildSettings = { SWIFT_VERSION = '3.0'; LD_RUNPATH_SEARCH_PATHS = '$(TOOLCHAIN_DIR)/usr/lib/swift/macosx'; PRODUCT_MODULE_NAME = '$(TARGET_NAME:c99extidentifier)'; ENABLE_TESTABILITY = 'YES'; OTHER_SWIFT_FLAGS = '$(inherited)'; INFOPLIST_FILE = 'TyphoonSwift.xcodeproj/PathKit_Info.plist'; FRAMEWORK_SEARCH_PATHS = '$(PLATFORM_DIR)/Developer/Library/Frameworks'; PRODUCT_BUNDLE_IDENTIFIER = 'PathKit'; PRODUCT_NAME = '$(TARGET_NAME:c99extidentifier)'; OTHER_LDFLAGS = '$(inherited)'; };
            name = Release;
        };
        __Dependency_PathKit = {
            isa = PBXTargetDependency;
            target = ______Target_PathKit;
        };
        _______Group_Stencil = {
            isa = PBXGroup;
            name = 'Stencil';
            path = 'Packages/Stencil-0.6.0/Sources';
            sourceTree = '<group>';
            children = ('__PBXFileRef_Packages/Stencil-0.6.0/Sources/Context.swift', '__PBXFileRef_Packages/Stencil-0.6.0/Sources/Filters.swift', '__PBXFileRef_Packages/Stencil-0.6.0/Sources/ForTag.swift', '__PBXFileRef_Packages/Stencil-0.6.0/Sources/IfTag.swift', '__PBXFileRef_Packages/Stencil-0.6.0/Sources/Include.swift', '__PBXFileRef_Packages/Stencil-0.6.0/Sources/Inheritence.swift', '__PBXFileRef_Packages/Stencil-0.6.0/Sources/Lexer.swift', '__PBXFileRef_Packages/Stencil-0.6.0/Sources/Namespace.swift', '__PBXFileRef_Packages/Stencil-0.6.0/Sources/Node.swift', '__PBXFileRef_Packages/Stencil-0.6.0/Sources/NowTag.swift', '__PBXFileRef_Packages/Stencil-0.6.0/Sources/Parser.swift', '__PBXFileRef_Packages/Stencil-0.6.0/Sources/Template.swift', '__PBXFileRef_Packages/Stencil-0.6.0/Sources/TemplateLoader.swift', '__PBXFileRef_Packages/Stencil-0.6.0/Sources/Tokenizer.swift', '__PBXFileRef_Packages/Stencil-0.6.0/Sources/Variable.swift');
        };
        '__PBXFileRef_Packages/Stencil-0.6.0/Sources/Context.swift' = {
            isa = PBXFileReference;
            lastKnownFileType = sourcecode.swift;
            path = 'Context.swift';
            sourceTree = '<group>';
        };
        '__PBXFileRef_Packages/Stencil-0.6.0/Sources/Filters.swift' = {
            isa = PBXFileReference;
            lastKnownFileType = sourcecode.swift;
            path = 'Filters.swift';
            sourceTree = '<group>';
        };
        '__PBXFileRef_Packages/Stencil-0.6.0/Sources/ForTag.swift' = {
            isa = PBXFileReference;
            lastKnownFileType = sourcecode.swift;
            path = 'ForTag.swift';
            sourceTree = '<group>';
        };
        '__PBXFileRef_Packages/Stencil-0.6.0/Sources/IfTag.swift' = {
            isa = PBXFileReference;
            lastKnownFileType = sourcecode.swift;
            path = 'IfTag.swift';
            sourceTree = '<group>';
        };
        '__PBXFileRef_Packages/Stencil-0.6.0/Sources/Include.swift' = {
            isa = PBXFileReference;
            lastKnownFileType = sourcecode.swift;
            path = 'Include.swift';
            sourceTree = '<group>';
        };
        '__PBXFileRef_Packages/Stencil-0.6.0/Sources/Inheritence.swift' = {
            isa = PBXFileReference;
            lastKnownFileType = sourcecode.swift;
            path = 'Inheritence.swift';
            sourceTree = '<group>';
        };
        '__PBXFileRef_Packages/Stencil-0.6.0/Sources/Lexer.swift' = {
            isa = PBXFileReference;
            lastKnownFileType = sourcecode.swift;
            path = 'Lexer.swift';
            sourceTree = '<group>';
        };
        '__PBXFileRef_Packages/Stencil-0.6.0/Sources/Namespace.swift' = {
            isa = PBXFileReference;
            lastKnownFileType = sourcecode.swift;
            path = 'Namespace.swift';
            sourceTree = '<group>';
        };
        '__PBXFileRef_Packages/Stencil-0.6.0/Sources/Node.swift' = {
            isa = PBXFileReference;
            lastKnownFileType = sourcecode.swift;
            path = 'Node.swift';
            sourceTree = '<group>';
        };
        '__PBXFileRef_Packages/Stencil-0.6.0/Sources/NowTag.swift' = {
            isa = PBXFileReference;
            lastKnownFileType = sourcecode.swift;
            path = 'NowTag.swift';
            sourceTree = '<group>';
        };
        '__PBXFileRef_Packages/Stencil-0.6.0/Sources/Parser.swift' = {
            isa = PBXFileReference;
            lastKnownFileType = sourcecode.swift;
            path = 'Parser.swift';
            sourceTree = '<group>';
        };
        '__PBXFileRef_Packages/Stencil-0.6.0/Sources/Template.swift' = {
            isa = PBXFileReference;
            lastKnownFileType = sourcecode.swift;
            path = 'Template.swift';
            sourceTree = '<group>';
        };
        '__PBXFileRef_Packages/Stencil-0.6.0/Sources/TemplateLoader.swift' = {
            isa = PBXFileReference;
            lastKnownFileType = sourcecode.swift;
            path = 'TemplateLoader.swift';
            sourceTree = '<group>';
        };
        '__PBXFileRef_Packages/Stencil-0.6.0/Sources/Tokenizer.swift' = {
            isa = PBXFileReference;
            lastKnownFileType = sourcecode.swift;
            path = 'Tokenizer.swift';
            sourceTree = '<group>';
        };
        '__PBXFileRef_Packages/Stencil-0.6.0/Sources/Variable.swift' = {
            isa = PBXFileReference;
            lastKnownFileType = sourcecode.swift;
            path = 'Variable.swift';
            sourceTree = '<group>';
        };
        ______Target_Stencil = {
            isa = PBXNativeTarget;
            buildConfigurationList = _______Confs_Stencil;
            buildPhases = (CompilePhase_Stencil, ___LinkPhase_Stencil);
            buildRules = ();
            dependencies = (__Dependency_Spectre, __Dependency_PathKit);
            name = 'Stencil';
            productName = Stencil;
            productReference = _____Product_Stencil;
            productType = 'com.apple.product-type.framework';
        };
        _____Product_Stencil = {
            isa = PBXFileReference;
            explicitFileType = 'wrapper.framework';
            path = 'Stencil.framework';
            sourceTree = BUILT_PRODUCTS_DIR;
        };
        CompilePhase_Stencil = {
            isa = PBXSourcesBuildPhase;
            files = ('__src_cc_ref_Packages/Stencil-0.6.0/Sources/Context.swift', '__src_cc_ref_Packages/Stencil-0.6.0/Sources/Filters.swift', '__src_cc_ref_Packages/Stencil-0.6.0/Sources/ForTag.swift', '__src_cc_ref_Packages/Stencil-0.6.0/Sources/IfTag.swift', '__src_cc_ref_Packages/Stencil-0.6.0/Sources/Include.swift', '__src_cc_ref_Packages/Stencil-0.6.0/Sources/Inheritence.swift', '__src_cc_ref_Packages/Stencil-0.6.0/Sources/Lexer.swift', '__src_cc_ref_Packages/Stencil-0.6.0/Sources/Namespace.swift', '__src_cc_ref_Packages/Stencil-0.6.0/Sources/Node.swift', '__src_cc_ref_Packages/Stencil-0.6.0/Sources/NowTag.swift', '__src_cc_ref_Packages/Stencil-0.6.0/Sources/Parser.swift', '__src_cc_ref_Packages/Stencil-0.6.0/Sources/Template.swift', '__src_cc_ref_Packages/Stencil-0.6.0/Sources/TemplateLoader.swift', '__src_cc_ref_Packages/Stencil-0.6.0/Sources/Tokenizer.swift', '__src_cc_ref_Packages/Stencil-0.6.0/Sources/Variable.swift');
            runOnlyForDeploymentPostprocessing = 0;
        };
        '__src_cc_ref_Packages/Stencil-0.6.0/Sources/Context.swift' = {
            isa = PBXBuildFile;
            fileRef = '__PBXFileRef_Packages/Stencil-0.6.0/Sources/Context.swift';
        };
        '__src_cc_ref_Packages/Stencil-0.6.0/Sources/Filters.swift' = {
            isa = PBXBuildFile;
            fileRef = '__PBXFileRef_Packages/Stencil-0.6.0/Sources/Filters.swift';
        };
        '__src_cc_ref_Packages/Stencil-0.6.0/Sources/ForTag.swift' = {
            isa = PBXBuildFile;
            fileRef = '__PBXFileRef_Packages/Stencil-0.6.0/Sources/ForTag.swift';
        };
        '__src_cc_ref_Packages/Stencil-0.6.0/Sources/IfTag.swift' = {
            isa = PBXBuildFile;
            fileRef = '__PBXFileRef_Packages/Stencil-0.6.0/Sources/IfTag.swift';
        };
        '__src_cc_ref_Packages/Stencil-0.6.0/Sources/Include.swift' = {
            isa = PBXBuildFile;
            fileRef = '__PBXFileRef_Packages/Stencil-0.6.0/Sources/Include.swift';
        };
        '__src_cc_ref_Packages/Stencil-0.6.0/Sources/Inheritence.swift' = {
            isa = PBXBuildFile;
            fileRef = '__PBXFileRef_Packages/Stencil-0.6.0/Sources/Inheritence.swift';
        };
        '__src_cc_ref_Packages/Stencil-0.6.0/Sources/Lexer.swift' = {
            isa = PBXBuildFile;
            fileRef = '__PBXFileRef_Packages/Stencil-0.6.0/Sources/Lexer.swift';
        };
        '__src_cc_ref_Packages/Stencil-0.6.0/Sources/Namespace.swift' = {
            isa = PBXBuildFile;
            fileRef = '__PBXFileRef_Packages/Stencil-0.6.0/Sources/Namespace.swift';
        };
        '__src_cc_ref_Packages/Stencil-0.6.0/Sources/Node.swift' = {
            isa = PBXBuildFile;
            fileRef = '__PBXFileRef_Packages/Stencil-0.6.0/Sources/Node.swift';
        };
        '__src_cc_ref_Packages/Stencil-0.6.0/Sources/NowTag.swift' = {
            isa = PBXBuildFile;
            fileRef = '__PBXFileRef_Packages/Stencil-0.6.0/Sources/NowTag.swift';
        };
        '__src_cc_ref_Packages/Stencil-0.6.0/Sources/Parser.swift' = {
            isa = PBXBuildFile;
            fileRef = '__PBXFileRef_Packages/Stencil-0.6.0/Sources/Parser.swift';
        };
        '__src_cc_ref_Packages/Stencil-0.6.0/Sources/Template.swift' = {
            isa = PBXBuildFile;
            fileRef = '__PBXFileRef_Packages/Stencil-0.6.0/Sources/Template.swift';
        };
        '__src_cc_ref_Packages/Stencil-0.6.0/Sources/TemplateLoader.swift' = {
            isa = PBXBuildFile;
            fileRef = '__PBXFileRef_Packages/Stencil-0.6.0/Sources/TemplateLoader.swift';
        };
        '__src_cc_ref_Packages/Stencil-0.6.0/Sources/Tokenizer.swift' = {
            isa = PBXBuildFile;
            fileRef = '__PBXFileRef_Packages/Stencil-0.6.0/Sources/Tokenizer.swift';
        };
        '__src_cc_ref_Packages/Stencil-0.6.0/Sources/Variable.swift' = {
            isa = PBXBuildFile;
            fileRef = '__PBXFileRef_Packages/Stencil-0.6.0/Sources/Variable.swift';
        };
        ___LinkPhase_Stencil = {
            isa = PBXFrameworksBuildPhase;
            files = (_LinkFileRef_Spectre_via_Stencil, _LinkFileRef_PathKit_via_Stencil);
            runOnlyForDeploymentPostprocessing = 0;
        };
        _LinkFileRef_Spectre_via_Stencil = {
            isa = PBXBuildFile;
            fileRef = _____Product_Spectre;
        };
        _LinkFileRef_PathKit_via_Stencil = {
            isa = PBXBuildFile;
            fileRef = _____Product_PathKit;
        };
        _______Confs_Stencil = {
            isa = XCConfigurationList;
            buildConfigurations = (___DebugConf_Stencil, _ReleaseConf_Stencil);
            defaultConfigurationIsVisible = 0;
            defaultConfigurationName = Debug;
        };
        ___DebugConf_Stencil = {
            isa = XCBuildConfiguration;
            buildSettings = { SWIFT_VERSION = '3.0'; LD_RUNPATH_SEARCH_PATHS = '$(TOOLCHAIN_DIR)/usr/lib/swift/macosx'; PRODUCT_MODULE_NAME = '$(TARGET_NAME:c99extidentifier)'; ENABLE_TESTABILITY = 'YES'; OTHER_SWIFT_FLAGS = '$(inherited)'; INFOPLIST_FILE = 'TyphoonSwift.xcodeproj/Stencil_Info.plist'; FRAMEWORK_SEARCH_PATHS = '$(PLATFORM_DIR)/Developer/Library/Frameworks'; SWIFT_OPTIMIZATION_LEVEL = '-Onone'; PRODUCT_BUNDLE_IDENTIFIER = 'Stencil'; PRODUCT_NAME = '$(TARGET_NAME:c99extidentifier)'; OTHER_LDFLAGS = '$(inherited)'; };
            name = Debug;
        };
        _ReleaseConf_Stencil = {
            isa = XCBuildConfiguration;
            buildSettings = { SWIFT_VERSION = '3.0'; LD_RUNPATH_SEARCH_PATHS = '$(TOOLCHAIN_DIR)/usr/lib/swift/macosx'; PRODUCT_MODULE_NAME = '$(TARGET_NAME:c99extidentifier)'; ENABLE_TESTABILITY = 'YES'; OTHER_SWIFT_FLAGS = '$(inherited)'; INFOPLIST_FILE = 'TyphoonSwift.xcodeproj/Stencil_Info.plist'; FRAMEWORK_SEARCH_PATHS = '$(PLATFORM_DIR)/Developer/Library/Frameworks'; PRODUCT_BUNDLE_IDENTIFIER = 'Stencil'; PRODUCT_NAME = '$(TARGET_NAME:c99extidentifier)'; OTHER_LDFLAGS = '$(inherited)'; };
            name = Release;
        };
        __Dependency_Stencil = {
            isa = PBXTargetDependency;
            target = ______Target_Stencil;
        };
        _______Group_Witness = {
            isa = PBXGroup;
            name = 'Witness';
            path = 'Packages/Witness-0.4.0/Sources';
            sourceTree = '<group>';
            children = ('__PBXFileRef_Packages/Witness-0.4.0/Sources/EventStream.swift', '__PBXFileRef_Packages/Witness-0.4.0/Sources/FileEvent.swift', '__PBXFileRef_Packages/Witness-0.4.0/Sources/Witness.swift');
        };
        '__PBXFileRef_Packages/Witness-0.4.0/Sources/EventStream.swift' = {
            isa = PBXFileReference;
            lastKnownFileType = sourcecode.swift;
            path = 'EventStream.swift';
            sourceTree = '<group>';
        };
        '__PBXFileRef_Packages/Witness-0.4.0/Sources/FileEvent.swift' = {
            isa = PBXFileReference;
            lastKnownFileType = sourcecode.swift;
            path = 'FileEvent.swift';
            sourceTree = '<group>';
        };
        '__PBXFileRef_Packages/Witness-0.4.0/Sources/Witness.swift' = {
            isa = PBXFileReference;
            lastKnownFileType = sourcecode.swift;
            path = 'Witness.swift';
            sourceTree = '<group>';
        };
        ______Target_Witness = {
            isa = PBXNativeTarget;
            buildConfigurationList = _______Confs_Witness;
            buildPhases = (CompilePhase_Witness, ___LinkPhase_Witness);
            buildRules = ();
            dependencies = ();
            name = 'Witness';
            productName = Witness;
            productReference = _____Product_Witness;
            productType = 'com.apple.product-type.framework';
        };
        _____Product_Witness = {
            isa = PBXFileReference;
            explicitFileType = 'wrapper.framework';
            path = 'Witness.framework';
            sourceTree = BUILT_PRODUCTS_DIR;
        };
        CompilePhase_Witness = {
            isa = PBXSourcesBuildPhase;
            files = ('__src_cc_ref_Packages/Witness-0.4.0/Sources/EventStream.swift', '__src_cc_ref_Packages/Witness-0.4.0/Sources/FileEvent.swift', '__src_cc_ref_Packages/Witness-0.4.0/Sources/Witness.swift');
            runOnlyForDeploymentPostprocessing = 0;
        };
        '__src_cc_ref_Packages/Witness-0.4.0/Sources/EventStream.swift' = {
            isa = PBXBuildFile;
            fileRef = '__PBXFileRef_Packages/Witness-0.4.0/Sources/EventStream.swift';
        };
        '__src_cc_ref_Packages/Witness-0.4.0/Sources/FileEvent.swift' = {
            isa = PBXBuildFile;
            fileRef = '__PBXFileRef_Packages/Witness-0.4.0/Sources/FileEvent.swift';
        };
        '__src_cc_ref_Packages/Witness-0.4.0/Sources/Witness.swift' = {
            isa = PBXBuildFile;
            fileRef = '__PBXFileRef_Packages/Witness-0.4.0/Sources/Witness.swift';
        };
        ___LinkPhase_Witness = {
            isa = PBXFrameworksBuildPhase;
            files = ();
            runOnlyForDeploymentPostprocessing = 0;
        };
        _______Confs_Witness = {
            isa = XCConfigurationList;
            buildConfigurations = (___DebugConf_Witness, _ReleaseConf_Witness);
            defaultConfigurationIsVisible = 0;
            defaultConfigurationName = Debug;
        };
        ___DebugConf_Witness = {
            isa = XCBuildConfiguration;
            buildSettings = { SWIFT_VERSION = '3.0'; LD_RUNPATH_SEARCH_PATHS = '$(TOOLCHAIN_DIR)/usr/lib/swift/macosx'; PRODUCT_MODULE_NAME = '$(TARGET_NAME:c99extidentifier)'; ENABLE_TESTABILITY = 'YES'; OTHER_SWIFT_FLAGS = '$(inherited)'; INFOPLIST_FILE = 'TyphoonSwift.xcodeproj/Witness_Info.plist'; FRAMEWORK_SEARCH_PATHS = '$(PLATFORM_DIR)/Developer/Library/Frameworks'; SWIFT_OPTIMIZATION_LEVEL = '-Onone'; PRODUCT_BUNDLE_IDENTIFIER = 'Witness'; PRODUCT_NAME = '$(TARGET_NAME:c99extidentifier)'; OTHER_LDFLAGS = '$(inherited)'; };
            name = Debug;
        };
        _ReleaseConf_Witness = {
            isa = XCBuildConfiguration;
            buildSettings = { SWIFT_VERSION = '3.0'; LD_RUNPATH_SEARCH_PATHS = '$(TOOLCHAIN_DIR)/usr/lib/swift/macosx'; PRODUCT_MODULE_NAME = '$(TARGET_NAME:c99extidentifier)'; ENABLE_TESTABILITY = 'YES'; OTHER_SWIFT_FLAGS = '$(inherited)'; INFOPLIST_FILE = 'TyphoonSwift.xcodeproj/Witness_Info.plist'; FRAMEWORK_SEARCH_PATHS = '$(PLATFORM_DIR)/Developer/Library/Frameworks'; PRODUCT_BUNDLE_IDENTIFIER = 'Witness'; PRODUCT_NAME = '$(TARGET_NAME:c99extidentifier)'; OTHER_LDFLAGS = '$(inherited)'; };
            name = Release;
        };
        __Dependency_Witness = {
            isa = PBXTargetDependency;
            target = ______Target_Witness;
        };
        _______Group_TyphoonSwift = {
            isa = PBXGroup;
            name = 'TyphoonSwift';
            path = 'Sources';
            sourceTree = '<group>';
            children = ('__PBXFileRef_Sources/AssemblyDefinitionBuilder.swift', '__PBXFileRef_Sources/AssemblyGenerator.swift', '__PBXFileRef_Sources/Config.swift', '__PBXFileRef_Sources/FileDefinitionBuilder.swift', '__PBXFileRef_Sources/FileStructure.swift', '__PBXFileRef_Sources/JSON.swift', '__PBXFileRef_Sources/Launcher.swift', '__PBXFileRef_Sources/main.swift', '__PBXFileRef_Sources/MethodDefinition.swift', '__PBXFileRef_Sources/MethodDefinitionBuilder+Inspections.swift', '__PBXFileRef_Sources/MethodDefinitionBuilder.swift', '__PBXFileRef_Sources/Model.swift', '__PBXFileRef_Sources/Models.swift', '__PBXFileRef_Sources/RegularExpressionExtensions.swift', '__PBXFileRef_Sources/SourceLangSwift.swift', '__PBXFileRef_Sources/StringUtils.swift', '__PBXFileRef_Sources/SwiftDocumentKey.swift', '__PBXFileRef_Sources/Terminal.swift', '__PBXFileRef_Sources/TyphoonPackage.swift', '__PBXFileRef_Sources/TyphoonSwift.swift');
        };
        '__PBXFileRef_Sources/AssemblyDefinitionBuilder.swift' = {
            isa = PBXFileReference;
            lastKnownFileType = sourcecode.swift;
            path = 'AssemblyDefinitionBuilder.swift';
            sourceTree = '<group>';
        };
        '__PBXFileRef_Sources/AssemblyGenerator.swift' = {
            isa = PBXFileReference;
            lastKnownFileType = sourcecode.swift;
            path = 'AssemblyGenerator.swift';
            sourceTree = '<group>';
        };
        '__PBXFileRef_Sources/Config.swift' = {
            isa = PBXFileReference;
            lastKnownFileType = sourcecode.swift;
            path = 'Config.swift';
            sourceTree = '<group>';
        };
        '__PBXFileRef_Sources/FileDefinitionBuilder.swift' = {
            isa = PBXFileReference;
            lastKnownFileType = sourcecode.swift;
            path = 'FileDefinitionBuilder.swift';
            sourceTree = '<group>';
        };
        '__PBXFileRef_Sources/FileStructure.swift' = {
            isa = PBXFileReference;
            lastKnownFileType = sourcecode.swift;
            path = 'FileStructure.swift';
            sourceTree = '<group>';
        };
        '__PBXFileRef_Sources/JSON.swift' = {
            isa = PBXFileReference;
            lastKnownFileType = sourcecode.swift;
            path = 'JSON.swift';
            sourceTree = '<group>';
        };
        '__PBXFileRef_Sources/Launcher.swift' = {
            isa = PBXFileReference;
            lastKnownFileType = sourcecode.swift;
            path = 'Launcher.swift';
            sourceTree = '<group>';
        };
        '__PBXFileRef_Sources/main.swift' = {
            isa = PBXFileReference;
            lastKnownFileType = sourcecode.swift;
            path = 'main.swift';
            sourceTree = '<group>';
        };
        '__PBXFileRef_Sources/MethodDefinition.swift' = {
            isa = PBXFileReference;
            lastKnownFileType = sourcecode.swift;
            path = 'MethodDefinition.swift';
            sourceTree = '<group>';
        };
        '__PBXFileRef_Sources/MethodDefinitionBuilder+Inspections.swift' = {
            isa = PBXFileReference;
            lastKnownFileType = sourcecode.swift;
            path = 'MethodDefinitionBuilder+Inspections.swift';
            sourceTree = '<group>';
        };
        '__PBXFileRef_Sources/MethodDefinitionBuilder.swift' = {
            isa = PBXFileReference;
            lastKnownFileType = sourcecode.swift;
            path = 'MethodDefinitionBuilder.swift';
            sourceTree = '<group>';
        };
        '__PBXFileRef_Sources/Model.swift' = {
            isa = PBXFileReference;
            lastKnownFileType = sourcecode.swift;
            path = 'Model.swift';
            sourceTree = '<group>';
        };
        '__PBXFileRef_Sources/Models.swift' = {
            isa = PBXFileReference;
            lastKnownFileType = sourcecode.swift;
            path = 'Models.swift';
            sourceTree = '<group>';
        };
        '__PBXFileRef_Sources/RegularExpressionExtensions.swift' = {
            isa = PBXFileReference;
            lastKnownFileType = sourcecode.swift;
            path = 'RegularExpressionExtensions.swift';
            sourceTree = '<group>';
        };
        '__PBXFileRef_Sources/SourceLangSwift.swift' = {
            isa = PBXFileReference;
            lastKnownFileType = sourcecode.swift;
            path = 'SourceLangSwift.swift';
            sourceTree = '<group>';
        };
        '__PBXFileRef_Sources/StringUtils.swift' = {
            isa = PBXFileReference;
            lastKnownFileType = sourcecode.swift;
            path = 'StringUtils.swift';
            sourceTree = '<group>';
        };
        '__PBXFileRef_Sources/SwiftDocumentKey.swift' = {
            isa = PBXFileReference;
            lastKnownFileType = sourcecode.swift;
            path = 'SwiftDocumentKey.swift';
            sourceTree = '<group>';
        };
        '__PBXFileRef_Sources/Terminal.swift' = {
            isa = PBXFileReference;
            lastKnownFileType = sourcecode.swift;
            path = 'Terminal.swift';
            sourceTree = '<group>';
        };
        '__PBXFileRef_Sources/TyphoonPackage.swift' = {
            isa = PBXFileReference;
            lastKnownFileType = sourcecode.swift;
            path = 'TyphoonPackage.swift';
            sourceTree = '<group>';
        };
        '__PBXFileRef_Sources/TyphoonSwift.swift' = {
            isa = PBXFileReference;
            lastKnownFileType = sourcecode.swift;
            path = 'TyphoonSwift.swift';
            sourceTree = '<group>';
        };
        ______Target_TyphoonSwift = {
            isa = PBXNativeTarget;
            buildConfigurationList = _______Confs_TyphoonSwift;
            buildPhases = (CompilePhase_TyphoonSwift, ___LinkPhase_TyphoonSwift);
            buildRules = ();
            dependencies = (__Dependency_Spectre, __Dependency_PathKit, __Dependency_Stencil, __Dependency_Witness);
            name = 'TyphoonSwift';
            productName = TyphoonSwift;
            productReference = _____Product_TyphoonSwift;
            productType = 'com.apple.product-type.tool';
        };
        _____Product_TyphoonSwift = {
            isa = PBXFileReference;
            explicitFileType = 'compiled.mach-o.executable';
            path = 'TyphoonSwift';
            sourceTree = BUILT_PRODUCTS_DIR;
        };
        CompilePhase_TyphoonSwift = {
            isa = PBXSourcesBuildPhase;
            files = ('__src_cc_ref_Sources/AssemblyDefinitionBuilder.swift', '__src_cc_ref_Sources/AssemblyGenerator.swift', '__src_cc_ref_Sources/Config.swift', '__src_cc_ref_Sources/FileDefinitionBuilder.swift', '__src_cc_ref_Sources/FileStructure.swift', '__src_cc_ref_Sources/JSON.swift', '__src_cc_ref_Sources/Launcher.swift', '__src_cc_ref_Sources/main.swift', '__src_cc_ref_Sources/MethodDefinition.swift', '__src_cc_ref_Sources/MethodDefinitionBuilder+Inspections.swift', '__src_cc_ref_Sources/MethodDefinitionBuilder.swift', '__src_cc_ref_Sources/Model.swift', '__src_cc_ref_Sources/Models.swift', '__src_cc_ref_Sources/RegularExpressionExtensions.swift', '__src_cc_ref_Sources/SourceLangSwift.swift', '__src_cc_ref_Sources/StringUtils.swift', '__src_cc_ref_Sources/SwiftDocumentKey.swift', '__src_cc_ref_Sources/Terminal.swift', '__src_cc_ref_Sources/TyphoonPackage.swift', '__src_cc_ref_Sources/TyphoonSwift.swift');
            runOnlyForDeploymentPostprocessing = 0;
        };
        '__src_cc_ref_Sources/AssemblyDefinitionBuilder.swift' = {
            isa = PBXBuildFile;
            fileRef = '__PBXFileRef_Sources/AssemblyDefinitionBuilder.swift';
        };
        '__src_cc_ref_Sources/AssemblyGenerator.swift' = {
            isa = PBXBuildFile;
            fileRef = '__PBXFileRef_Sources/AssemblyGenerator.swift';
        };
        '__src_cc_ref_Sources/Config.swift' = {
            isa = PBXBuildFile;
            fileRef = '__PBXFileRef_Sources/Config.swift';
        };
        '__src_cc_ref_Sources/FileDefinitionBuilder.swift' = {
            isa = PBXBuildFile;
            fileRef = '__PBXFileRef_Sources/FileDefinitionBuilder.swift';
        };
        '__src_cc_ref_Sources/FileStructure.swift' = {
            isa = PBXBuildFile;
            fileRef = '__PBXFileRef_Sources/FileStructure.swift';
        };
        '__src_cc_ref_Sources/JSON.swift' = {
            isa = PBXBuildFile;
            fileRef = '__PBXFileRef_Sources/JSON.swift';
        };
        '__src_cc_ref_Sources/Launcher.swift' = {
            isa = PBXBuildFile;
            fileRef = '__PBXFileRef_Sources/Launcher.swift';
        };
        '__src_cc_ref_Sources/main.swift' = {
            isa = PBXBuildFile;
            fileRef = '__PBXFileRef_Sources/main.swift';
        };
        '__src_cc_ref_Sources/MethodDefinition.swift' = {
            isa = PBXBuildFile;
            fileRef = '__PBXFileRef_Sources/MethodDefinition.swift';
        };
        '__src_cc_ref_Sources/MethodDefinitionBuilder+Inspections.swift' = {
            isa = PBXBuildFile;
            fileRef = '__PBXFileRef_Sources/MethodDefinitionBuilder+Inspections.swift';
        };
        '__src_cc_ref_Sources/MethodDefinitionBuilder.swift' = {
            isa = PBXBuildFile;
            fileRef = '__PBXFileRef_Sources/MethodDefinitionBuilder.swift';
        };
        '__src_cc_ref_Sources/Model.swift' = {
            isa = PBXBuildFile;
            fileRef = '__PBXFileRef_Sources/Model.swift';
        };
        '__src_cc_ref_Sources/Models.swift' = {
            isa = PBXBuildFile;
            fileRef = '__PBXFileRef_Sources/Models.swift';
        };
        '__src_cc_ref_Sources/RegularExpressionExtensions.swift' = {
            isa = PBXBuildFile;
            fileRef = '__PBXFileRef_Sources/RegularExpressionExtensions.swift';
        };
        '__src_cc_ref_Sources/SourceLangSwift.swift' = {
            isa = PBXBuildFile;
            fileRef = '__PBXFileRef_Sources/SourceLangSwift.swift';
        };
        '__src_cc_ref_Sources/StringUtils.swift' = {
            isa = PBXBuildFile;
            fileRef = '__PBXFileRef_Sources/StringUtils.swift';
        };
        '__src_cc_ref_Sources/SwiftDocumentKey.swift' = {
            isa = PBXBuildFile;
            fileRef = '__PBXFileRef_Sources/SwiftDocumentKey.swift';
        };
        '__src_cc_ref_Sources/Terminal.swift' = {
            isa = PBXBuildFile;
            fileRef = '__PBXFileRef_Sources/Terminal.swift';
        };
        '__src_cc_ref_Sources/TyphoonPackage.swift' = {
            isa = PBXBuildFile;
            fileRef = '__PBXFileRef_Sources/TyphoonPackage.swift';
        };
        '__src_cc_ref_Sources/TyphoonSwift.swift' = {
            isa = PBXBuildFile;
            fileRef = '__PBXFileRef_Sources/TyphoonSwift.swift';
        };
        ___LinkPhase_TyphoonSwift = {
            isa = PBXFrameworksBuildPhase;
            files = (_LinkFileRef_Spectre_via_TyphoonSwift, _LinkFileRef_PathKit_via_TyphoonSwift, _LinkFileRef_Stencil_via_TyphoonSwift, _LinkFileRef_Witness_via_TyphoonSwift);
            runOnlyForDeploymentPostprocessing = 0;
        };
        _LinkFileRef_Spectre_via_TyphoonSwift = {
            isa = PBXBuildFile;
            fileRef = _____Product_Spectre;
        };
        _LinkFileRef_PathKit_via_TyphoonSwift = {
            isa = PBXBuildFile;
            fileRef = _____Product_PathKit;
        };
        _LinkFileRef_Stencil_via_TyphoonSwift = {
            isa = PBXBuildFile;
            fileRef = _____Product_Stencil;
        };
        _LinkFileRef_Witness_via_TyphoonSwift = {
            isa = PBXBuildFile;
            fileRef = _____Product_Witness;
        };
        _______Confs_TyphoonSwift = {
            isa = XCConfigurationList;
            buildConfigurations = (___DebugConf_TyphoonSwift, _ReleaseConf_TyphoonSwift);
            defaultConfigurationIsVisible = 0;
            defaultConfigurationName = Debug;
        };
        ___DebugConf_TyphoonSwift = {
            isa = XCBuildConfiguration;
            buildSettings = { LD_RUNPATH_SEARCH_PATHS = '$(TOOLCHAIN_DIR)/usr/lib/swift/macosx @executable_path'; FRAMEWORK_SEARCH_PATHS = '$(PLATFORM_DIR)/Developer/Library/Frameworks'; OTHER_SWIFT_FLAGS = '$(inherited)'; SWIFT_FORCE_STATIC_LINK_STDLIB = 'NO'; SWIFT_FORCE_DYNAMIC_LINK_STDLIB = 'YES'; SWIFT_OPTIMIZATION_LEVEL = '-Onone'; OTHER_LDFLAGS = '$(inherited)'; SWIFT_VERSION = '3.0'; };
            name = Debug;
        };
        _ReleaseConf_TyphoonSwift = {
            isa = XCBuildConfiguration;
            buildSettings = { LD_RUNPATH_SEARCH_PATHS = '$(TOOLCHAIN_DIR)/usr/lib/swift/macosx @executable_path'; FRAMEWORK_SEARCH_PATHS = '$(PLATFORM_DIR)/Developer/Library/Frameworks'; OTHER_SWIFT_FLAGS = '$(inherited)'; SWIFT_FORCE_STATIC_LINK_STDLIB = 'NO'; SWIFT_FORCE_DYNAMIC_LINK_STDLIB = 'YES'; OTHER_LDFLAGS = '$(inherited)'; SWIFT_VERSION = '3.0'; };
            name = Release;
        };
        __Dependency_TyphoonSwift = {
            isa = PBXTargetDependency;
            target = ______Target_TyphoonSwift;
        };
        _______Group_TyphoonPackageTests = {
            isa = PBXGroup;
            name = 'TyphoonPackageTests';
            path = 'Tests/TyphoonPackageTests';
            sourceTree = '<group>';
            children = ('__PBXFileRef_Tests/TyphoonPackageTests/TyphoonPackageTests.swift');
        };
        '__PBXFileRef_Tests/TyphoonPackageTests/TyphoonPackageTests.swift' = {
            isa = PBXFileReference;
            lastKnownFileType = sourcecode.swift;
            path = 'TyphoonPackageTests.swift';
            sourceTree = '<group>';
        };
        ______Target_TyphoonPackageTests = {
            isa = PBXNativeTarget;
            buildConfigurationList = _______Confs_TyphoonPackageTests;
            buildPhases = (CompilePhase_TyphoonPackageTests, ___LinkPhase_TyphoonPackageTests);
            buildRules = ();
            dependencies = (__Dependency_Spectre, __Dependency_PathKit, __Dependency_Stencil, __Dependency_Witness);
            name = 'TyphoonPackageTests';
            productName = TyphoonPackageTests;
            productReference = _____Product_TyphoonPackageTests;
            productType = 'com.apple.product-type.bundle.unit-test';
        };
        _____Product_TyphoonPackageTests = {
            isa = PBXFileReference;
            explicitFileType = 'compiled.mach-o.wrapper.cfbundle';
            path = 'TyphoonPackageTests.xctest';
            sourceTree = BUILT_PRODUCTS_DIR;
        };
        CompilePhase_TyphoonPackageTests = {
            isa = PBXSourcesBuildPhase;
            files = ('__src_cc_ref_Tests/TyphoonPackageTests/TyphoonPackageTests.swift');
            runOnlyForDeploymentPostprocessing = 0;
        };
        '__src_cc_ref_Tests/TyphoonPackageTests/TyphoonPackageTests.swift' = {
            isa = PBXBuildFile;
            fileRef = '__PBXFileRef_Tests/TyphoonPackageTests/TyphoonPackageTests.swift';
        };
        ___LinkPhase_TyphoonPackageTests = {
            isa = PBXFrameworksBuildPhase;
            files = (_LinkFileRef_Spectre_via_TyphoonPackageTests, _LinkFileRef_PathKit_via_TyphoonPackageTests, _LinkFileRef_Stencil_via_TyphoonPackageTests, _LinkFileRef_Witness_via_TyphoonPackageTests);
            runOnlyForDeploymentPostprocessing = 0;
        };
        _LinkFileRef_Spectre_via_TyphoonPackageTests = {
            isa = PBXBuildFile;
            fileRef = _____Product_Spectre;
        };
        _LinkFileRef_PathKit_via_TyphoonPackageTests = {
            isa = PBXBuildFile;
            fileRef = _____Product_PathKit;
        };
        _LinkFileRef_Stencil_via_TyphoonPackageTests = {
            isa = PBXBuildFile;
            fileRef = _____Product_Stencil;
        };
        _LinkFileRef_Witness_via_TyphoonPackageTests = {
            isa = PBXBuildFile;
            fileRef = _____Product_Witness;
        };
        _______Confs_TyphoonPackageTests = {
            isa = XCConfigurationList;
            buildConfigurations = (___DebugConf_TyphoonPackageTests, _ReleaseConf_TyphoonPackageTests);
            defaultConfigurationIsVisible = 0;
            defaultConfigurationName = Debug;
        };
        ___DebugConf_TyphoonPackageTests = {
            isa = XCBuildConfiguration;
            buildSettings = { LD_RUNPATH_SEARCH_PATHS = '@loader_path/../Frameworks'; FRAMEWORK_SEARCH_PATHS = '$(PLATFORM_DIR)/Developer/Library/Frameworks'; OTHER_SWIFT_FLAGS = '$(inherited)'; INFOPLIST_FILE = 'TyphoonSwift.xcodeproj/TyphoonPackageTests_Info.plist'; SWIFT_OPTIMIZATION_LEVEL = '-Onone'; EMBEDDED_CONTENT_CONTAINS_SWIFT = 'YES'; OTHER_LDFLAGS = '$(inherited)'; SWIFT_VERSION = '3.0'; };
            name = Debug;
        };
        _ReleaseConf_TyphoonPackageTests = {
            isa = XCBuildConfiguration;
            buildSettings = { LD_RUNPATH_SEARCH_PATHS = '@loader_path/../Frameworks'; FRAMEWORK_SEARCH_PATHS = '$(PLATFORM_DIR)/Developer/Library/Frameworks'; OTHER_SWIFT_FLAGS = '$(inherited)'; INFOPLIST_FILE = 'TyphoonSwift.xcodeproj/TyphoonPackageTests_Info.plist'; EMBEDDED_CONTENT_CONTAINS_SWIFT = 'YES'; OTHER_LDFLAGS = '$(inherited)'; SWIFT_VERSION = '3.0'; };
            name = Release;
        };
        __Dependency_TyphoonPackageTests = {
            isa = PBXTargetDependency;
            target = ______Target_TyphoonPackageTests;
        };
        '__PBXFileRef_TyphoonSwift.xcodeproj/Configs/Project.xcconfig' = {
            isa = PBXFileReference;
            lastKnownFileType = text.xcconfig;
            path = 'TyphoonSwift.xcodeproj/Configs/Project.xcconfig';
            sourceTree = '<group>';
        };
        _____Configs_ = {
            isa = PBXGroup;
            children = ('__PBXFileRef_TyphoonSwift.xcodeproj/Configs/Project.xcconfig');
            name = Configs;
            sourceTree = '<group>';
        };
        _____Sources_ = {
            isa = PBXGroup;
            children = (_______Group_Spectre, _______Group_PathKit, _______Group_Stencil, _______Group_Witness, _______Group_TyphoonSwift);
            name = Sources;
            sourceTree = '<group>';
        };
        Dependencies_ = {
            isa = PBXGroup;
            children = (_______Group_Spectre, _______Group_PathKit, _______Group_Stencil, _______Group_Witness);
            name = Dependencies;
            sourceTree = '<group>';
        };
        _______Tests_ = {
            isa = PBXGroup;
            children = (_______Group_TyphoonPackageTests);
            name = Tests;
            sourceTree = '<group>';
        };
       TestProducts_ = {
            isa = PBXGroup;
            children = (_____Product_TyphoonPackageTests);
            name = Tests;
            sourceTree = '<group>';
        };
        ____Products_ = {
            isa = PBXGroup;
            children = (TestProducts_, _____Product_Spectre, _____Product_PathKit, _____Product_Stencil, _____Product_Witness, _____Product_TyphoonSwift);
            name = Products;
            sourceTree = '<group>';
        };
        _______Debug_ = {
            isa = XCBuildConfiguration;
            baseConfigurationReference = '__PBXFileRef_TyphoonSwift.xcodeproj/Configs/Project.xcconfig';
            buildSettings = {};
            name = Debug;
        };
        _____Release_ = {
            isa = XCBuildConfiguration;
            baseConfigurationReference = '__PBXFileRef_TyphoonSwift.xcodeproj/Configs/Project.xcconfig';
            buildSettings = {};
            name = Release;
        };
        ___RootConfs_ = {
            isa = XCConfigurationList;
            buildConfigurations = (_______Debug_, _____Release_);
            defaultConfigurationIsVisible = 0;
            defaultConfigurationName = Debug;
        };
    };
}
