// !$*UTF8*$!
{
	archiveVersion = 1;
	classes = {
	};
	objectVersion = 46;
	objects = {

/* Begin PBXBuildFile section */
		DFEFC9FC1DE4010F008166D8 /* Stencil.framework in Frameworks */ = {isa = PBXBuildFile; fileRef = DFEFC9FA1DE4010F008166D8 /* Stencil.framework */; };
		DFEFC9FD1DE4010F008166D8 /* Witness.framework in Frameworks */ = {isa = PBXBuildFile; fileRef = DFEFC9FB1DE4010F008166D8 /* Witness.framework */; };
		FA2EBB4D1DC87A0F00E5F75A /* ActivatedAssembly.swift in Copy Runtime Sources */ = {isa = PBXBuildFile; fileRef = FA2EBB451DC879F200E5F75A /* ActivatedAssembly.swift */; };
		FA2EBB4E1DC87A1200E5F75A /* ActivatedDefinition.swift in Copy Runtime Sources */ = {isa = PBXBuildFile; fileRef = FA2EBB461DC879F200E5F75A /* ActivatedDefinition.swift */; };
		FA2EBB4F1DC87A1400E5F75A /* Model.swift in Copy Runtime Sources */ = {isa = PBXBuildFile; fileRef = FA2EBB471DC879F200E5F75A /* Model.swift */; };
		FA2EBB501DC87A1600E5F75A /* Pools.swift in Copy Runtime Sources */ = {isa = PBXBuildFile; fileRef = FA2EBB481DC879F200E5F75A /* Pools.swift */; };
		FA2EBB511DC87A1800E5F75A /* Stack.swift in Copy Runtime Sources */ = {isa = PBXBuildFile; fileRef = FA2EBB491DC879F200E5F75A /* Stack.swift */; };
		FA2EBB521DC87A2A00E5F75A /* Assemblies.stencil in Copy Templates */ = {isa = PBXBuildFile; fileRef = FA2EBB4B1DC879F200E5F75A /* Assemblies.stencil */; };
		FA2EBB531DC87A2A00E5F75A /* Definition.stencil in Copy Templates */ = {isa = PBXBuildFile; fileRef = FA2EBB4C1DC879F200E5F75A /* Definition.stencil */; };
		FA69A6131DEB1A7D0081E05C /* SourceKittenFramework.framework in Frameworks */ = {isa = PBXBuildFile; fileRef = FA69A6121DEB1A7D0081E05C /* SourceKittenFramework.framework */; };
		__src_cc_ref_Sources/AssemblyDefinitionBuilder.swift /* AssemblyDefinitionBuilder.swift in Sources */ = {isa = PBXBuildFile; fileRef = __PBXFileRef_Sources/AssemblyDefinitionBuilder.swift /* AssemblyDefinitionBuilder.swift */; };
		__src_cc_ref_Sources/AssemblyGenerator.swift /* AssemblyGenerator.swift in Sources */ = {isa = PBXBuildFile; fileRef = __PBXFileRef_Sources/AssemblyGenerator.swift /* AssemblyGenerator.swift */; };
		__src_cc_ref_Sources/Config.swift /* Config.swift in Sources */ = {isa = PBXBuildFile; fileRef = __PBXFileRef_Sources/Config.swift /* Config.swift */; };
		__src_cc_ref_Sources/FileDefinitionBuilder.swift /* FileDefinitionBuilder.swift in Sources */ = {isa = PBXBuildFile; fileRef = __PBXFileRef_Sources/FileDefinitionBuilder.swift /* FileDefinitionBuilder.swift */; };
		__src_cc_ref_Sources/FileStructure.swift /* FileStructure.swift in Sources */ = {isa = PBXBuildFile; fileRef = __PBXFileRef_Sources/FileStructure.swift /* FileStructure.swift */; };
		__src_cc_ref_Sources/JSON.swift /* JSON.swift in Sources */ = {isa = PBXBuildFile; fileRef = __PBXFileRef_Sources/JSON.swift /* JSON.swift */; };
		__src_cc_ref_Sources/Launcher.swift /* Launcher.swift in Sources */ = {isa = PBXBuildFile; fileRef = __PBXFileRef_Sources/Launcher.swift /* Launcher.swift */; };
		__src_cc_ref_Sources/MethodDefinition.swift /* MethodDefinition.swift in Sources */ = {isa = PBXBuildFile; fileRef = __PBXFileRef_Sources/MethodDefinition.swift /* MethodDefinition.swift */; };
		"__src_cc_ref_Sources/MethodDefinitionBuilder+Inspections.swift" /* MethodDefinitionBuilder+Inspections.swift in Sources */ = {isa = PBXBuildFile; fileRef = "__PBXFileRef_Sources/MethodDefinitionBuilder+Inspections.swift" /* MethodDefinitionBuilder+Inspections.swift */; };
		__src_cc_ref_Sources/MethodDefinitionBuilder.swift /* MethodDefinitionBuilder.swift in Sources */ = {isa = PBXBuildFile; fileRef = __PBXFileRef_Sources/MethodDefinitionBuilder.swift /* MethodDefinitionBuilder.swift */; };
		__src_cc_ref_Sources/Model.swift /* Definitions.swift in Sources */ = {isa = PBXBuildFile; fileRef = __PBXFileRef_Sources/Model.swift /* Definitions.swift */; };
		__src_cc_ref_Sources/Models.swift /* BuilderModels.swift in Sources */ = {isa = PBXBuildFile; fileRef = __PBXFileRef_Sources/Models.swift /* BuilderModels.swift */; };
		__src_cc_ref_Sources/RegularExpressionExtensions.swift /* RegularExpressionExtensions.swift in Sources */ = {isa = PBXBuildFile; fileRef = __PBXFileRef_Sources/RegularExpressionExtensions.swift /* RegularExpressionExtensions.swift */; };
		__src_cc_ref_Sources/SourceLangSwift.swift /* SourceLangSwift.swift in Sources */ = {isa = PBXBuildFile; fileRef = __PBXFileRef_Sources/SourceLangSwift.swift /* SourceLangSwift.swift */; };
		__src_cc_ref_Sources/StringUtils.swift /* StringUtils.swift in Sources */ = {isa = PBXBuildFile; fileRef = __PBXFileRef_Sources/StringUtils.swift /* StringUtils.swift */; };
		__src_cc_ref_Sources/SwiftDocumentKey.swift /* SwiftDocumentKey.swift in Sources */ = {isa = PBXBuildFile; fileRef = __PBXFileRef_Sources/SwiftDocumentKey.swift /* SwiftDocumentKey.swift */; };
		__src_cc_ref_Sources/Terminal.swift /* Terminal.swift in Sources */ = {isa = PBXBuildFile; fileRef = __PBXFileRef_Sources/Terminal.swift /* Terminal.swift */; };
		__src_cc_ref_Sources/main.swift /* main.swift in Sources */ = {isa = PBXBuildFile; fileRef = __PBXFileRef_Sources/main.swift /* main.swift */; };
		__src_cc_ref_Tests/TyphoonPackageTests/TyphoonPackageTests.swift /* TyphoonPackageTests.swift in Sources */ = {isa = PBXBuildFile; fileRef = __PBXFileRef_Tests/TyphoonPackageTests/TyphoonPackageTests.swift /* TyphoonPackageTests.swift */; };
/* End PBXBuildFile section */

/* Begin PBXCopyFilesBuildPhase section */
		FA2EBB421DC8789800E5F75A /* Copy Runtime Sources */ = {
			isa = PBXCopyFilesBuildPhase;
			buildActionMask = 2147483647;
			dstPath = Resources/Runtime;
			dstSubfolderSpec = 16;
			files = (
				FA2EBB511DC87A1800E5F75A /* Stack.swift in Copy Runtime Sources */,
				FA2EBB4D1DC87A0F00E5F75A /* ActivatedAssembly.swift in Copy Runtime Sources */,
				FA2EBB501DC87A1600E5F75A /* Pools.swift in Copy Runtime Sources */,
				FA2EBB4F1DC87A1400E5F75A /* Model.swift in Copy Runtime Sources */,
				FA2EBB4E1DC87A1200E5F75A /* ActivatedDefinition.swift in Copy Runtime Sources */,
			);
			name = "Copy Runtime Sources";
			runOnlyForDeploymentPostprocessing = 0;
		};
		FAF9B2B81DB6BC6B0024BB7D /* Copy Templates */ = {
			isa = PBXCopyFilesBuildPhase;
			buildActionMask = 2147483647;
			dstPath = Resources/Templates;
			dstSubfolderSpec = 16;
			files = (
				FA2EBB521DC87A2A00E5F75A /* Assemblies.stencil in Copy Templates */,
				FA2EBB531DC87A2A00E5F75A /* Definition.stencil in Copy Templates */,
			);
			name = "Copy Templates";
			runOnlyForDeploymentPostprocessing = 0;
		};
/* End PBXCopyFilesBuildPhase section */

/* Begin PBXFileReference section */
		DF7A22791DE3F9CD001BD798 /* Stencil.framework */ = {isa = PBXFileReference; lastKnownFileType = wrapper.framework; name = Stencil.framework; path = Dependencies/build/Debug/Stencil.framework; sourceTree = "<group>"; };
		DF7A227B1DE3F9D8001BD798 /* Witness.framework */ = {isa = PBXFileReference; lastKnownFileType = wrapper.framework; name = Witness.framework; path = Dependencies/build/Debug/Witness.framework; sourceTree = "<group>"; };
		DF7A227D1DE3FB02001BD798 /* Stencil.framework */ = {isa = PBXFileReference; lastKnownFileType = wrapper.framework; name = Stencil.framework; path = "../../../Library/Developer/Xcode/DerivedData/Typhoon-bbgavpmluamxppacumufuzdtgheo/Build/Products/Debug/Stencil.framework"; sourceTree = "<group>"; };
		DF7A227E1DE3FB02001BD798 /* Witness.framework */ = {isa = PBXFileReference; lastKnownFileType = wrapper.framework; name = Witness.framework; path = "../../../Library/Developer/Xcode/DerivedData/Typhoon-bbgavpmluamxppacumufuzdtgheo/Build/Products/Debug/Witness.framework"; sourceTree = "<group>"; };
		DFEFC9FA1DE4010F008166D8 /* Stencil.framework */ = {isa = PBXFileReference; lastKnownFileType = wrapper.framework; name = Stencil.framework; path = Dependencies/build/Debug/Stencil.framework; sourceTree = "<group>"; };
		DFEFC9FB1DE4010F008166D8 /* Witness.framework */ = {isa = PBXFileReference; lastKnownFileType = wrapper.framework; name = Witness.framework; path = Dependencies/build/Debug/Witness.framework; sourceTree = "<group>"; };
		FA2EBB451DC879F200E5F75A /* ActivatedAssembly.swift */ = {isa = PBXFileReference; lastKnownFileType = sourcecode.swift; path = ActivatedAssembly.swift; sourceTree = "<group>"; };
		FA2EBB461DC879F200E5F75A /* ActivatedDefinition.swift */ = {isa = PBXFileReference; lastKnownFileType = sourcecode.swift; path = ActivatedDefinition.swift; sourceTree = "<group>"; };
		FA2EBB471DC879F200E5F75A /* Model.swift */ = {isa = PBXFileReference; lastKnownFileType = sourcecode.swift; path = Model.swift; sourceTree = "<group>"; };
		FA2EBB481DC879F200E5F75A /* Pools.swift */ = {isa = PBXFileReference; lastKnownFileType = sourcecode.swift; path = Pools.swift; sourceTree = "<group>"; };
		FA2EBB491DC879F200E5F75A /* Stack.swift */ = {isa = PBXFileReference; lastKnownFileType = sourcecode.swift; path = Stack.swift; sourceTree = "<group>"; };
		FA2EBB4B1DC879F200E5F75A /* Assemblies.stencil */ = {isa = PBXFileReference; lastKnownFileType = text; path = Assemblies.stencil; sourceTree = "<group>"; };
		FA2EBB4C1DC879F200E5F75A /* Definition.stencil */ = {isa = PBXFileReference; lastKnownFileType = text; path = Definition.stencil; sourceTree = "<group>"; };
		FA69A6121DEB1A7D0081E05C /* SourceKittenFramework.framework */ = {isa = PBXFileReference; lastKnownFileType = wrapper.framework; name = SourceKittenFramework.framework; path = Dependencies/build/Debug/SourceKittenFramework.framework; sourceTree = "<group>"; };
		__PBXFileRef_Sources/AssemblyDefinitionBuilder.swift /* AssemblyDefinitionBuilder.swift */ = {isa = PBXFileReference; lastKnownFileType = sourcecode.swift; path = AssemblyDefinitionBuilder.swift; sourceTree = "<group>"; };
		__PBXFileRef_Sources/AssemblyGenerator.swift /* AssemblyGenerator.swift */ = {isa = PBXFileReference; lastKnownFileType = sourcecode.swift; path = AssemblyGenerator.swift; sourceTree = "<group>"; };
		__PBXFileRef_Sources/Config.swift /* Config.swift */ = {isa = PBXFileReference; lastKnownFileType = sourcecode.swift; path = Config.swift; sourceTree = "<group>"; };
		__PBXFileRef_Sources/FileDefinitionBuilder.swift /* FileDefinitionBuilder.swift */ = {isa = PBXFileReference; lastKnownFileType = sourcecode.swift; path = FileDefinitionBuilder.swift; sourceTree = "<group>"; };
		__PBXFileRef_Sources/FileStructure.swift /* FileStructure.swift */ = {isa = PBXFileReference; lastKnownFileType = sourcecode.swift; path = FileStructure.swift; sourceTree = "<group>"; };
		__PBXFileRef_Sources/JSON.swift /* JSON.swift */ = {isa = PBXFileReference; lastKnownFileType = sourcecode.swift; path = JSON.swift; sourceTree = "<group>"; };
		__PBXFileRef_Sources/Launcher.swift /* Launcher.swift */ = {isa = PBXFileReference; lastKnownFileType = sourcecode.swift; path = Launcher.swift; sourceTree = "<group>"; };
		__PBXFileRef_Sources/MethodDefinition.swift /* MethodDefinition.swift */ = {isa = PBXFileReference; lastKnownFileType = sourcecode.swift; path = MethodDefinition.swift; sourceTree = "<group>"; };
		"__PBXFileRef_Sources/MethodDefinitionBuilder+Inspections.swift" /* MethodDefinitionBuilder+Inspections.swift */ = {isa = PBXFileReference; lastKnownFileType = sourcecode.swift; path = "MethodDefinitionBuilder+Inspections.swift"; sourceTree = "<group>"; };
		__PBXFileRef_Sources/MethodDefinitionBuilder.swift /* MethodDefinitionBuilder.swift */ = {isa = PBXFileReference; lastKnownFileType = sourcecode.swift; path = MethodDefinitionBuilder.swift; sourceTree = "<group>"; };
		__PBXFileRef_Sources/Model.swift /* Definitions.swift */ = {isa = PBXFileReference; lastKnownFileType = sourcecode.swift; path = Definitions.swift; sourceTree = "<group>"; };
		__PBXFileRef_Sources/Models.swift /* BuilderModels.swift */ = {isa = PBXFileReference; lastKnownFileType = sourcecode.swift; path = BuilderModels.swift; sourceTree = "<group>"; };
		__PBXFileRef_Sources/RegularExpressionExtensions.swift /* RegularExpressionExtensions.swift */ = {isa = PBXFileReference; lastKnownFileType = sourcecode.swift; path = RegularExpressionExtensions.swift; sourceTree = "<group>"; };
		__PBXFileRef_Sources/SourceLangSwift.swift /* SourceLangSwift.swift */ = {isa = PBXFileReference; lastKnownFileType = sourcecode.swift; path = SourceLangSwift.swift; sourceTree = "<group>"; };
		__PBXFileRef_Sources/StringUtils.swift /* StringUtils.swift */ = {isa = PBXFileReference; lastKnownFileType = sourcecode.swift; path = StringUtils.swift; sourceTree = "<group>"; };
		__PBXFileRef_Sources/SwiftDocumentKey.swift /* SwiftDocumentKey.swift */ = {isa = PBXFileReference; lastKnownFileType = sourcecode.swift; path = SwiftDocumentKey.swift; sourceTree = "<group>"; };
		__PBXFileRef_Sources/Terminal.swift /* Terminal.swift */ = {isa = PBXFileReference; lastKnownFileType = sourcecode.swift; path = Terminal.swift; sourceTree = "<group>"; };
		__PBXFileRef_Sources/main.swift /* main.swift */ = {isa = PBXFileReference; lastKnownFileType = sourcecode.swift; path = main.swift; sourceTree = "<group>"; };
		__PBXFileRef_Tests/TyphoonPackageTests/TyphoonPackageTests.swift /* TyphoonPackageTests.swift */ = {isa = PBXFileReference; lastKnownFileType = sourcecode.swift; path = TyphoonPackageTests.swift; sourceTree = "<group>"; };
		__PBXFileRef_TyphoonSwift.xcodeproj/Configs/Project.xcconfig /* TyphoonSwift.xcodeproj/Configs/Project.xcconfig */ = {isa = PBXFileReference; lastKnownFileType = text.xcconfig; path = TyphoonSwift.xcodeproj/Configs/Project.xcconfig; sourceTree = "<group>"; };
		"_____Product_TyphoonPackageTests" /* TyphoonPackageTests.xctest */ = {isa = PBXFileReference; explicitFileType = wrapper.cfbundle; path = TyphoonPackageTests.xctest; sourceTree = BUILT_PRODUCTS_DIR; };
		"_____Product_TyphoonSwift" /* typhoon */ = {isa = PBXFileReference; explicitFileType = "compiled.mach-o.executable"; path = typhoon; sourceTree = BUILT_PRODUCTS_DIR; };
/* End PBXFileReference section */

/* Begin PBXFrameworksBuildPhase section */
		"___LinkPhase_TyphoonPackageTests" /* Frameworks */ = {
			isa = PBXFrameworksBuildPhase;
			buildActionMask = 0;
			files = (
			);
			runOnlyForDeploymentPostprocessing = 0;
		};
		"___LinkPhase_TyphoonSwift" /* Frameworks */ = {
			isa = PBXFrameworksBuildPhase;
			buildActionMask = 0;
			files = (
				FA69A6131DEB1A7D0081E05C /* SourceKittenFramework.framework in Frameworks */,
				DFEFC9FC1DE4010F008166D8 /* Stencil.framework in Frameworks */,
				DFEFC9FD1DE4010F008166D8 /* Witness.framework in Frameworks */,
			);
			runOnlyForDeploymentPostprocessing = 0;
		};
/* End PBXFrameworksBuildPhase section */

/* Begin PBXGroup section */
		DF7A22781DE3F9CD001BD798 /* Frameworks */ = {
			isa = PBXGroup;
			children = (
				FA69A6121DEB1A7D0081E05C /* SourceKittenFramework.framework */,
				DFEFC9FA1DE4010F008166D8 /* Stencil.framework */,
				DFEFC9FB1DE4010F008166D8 /* Witness.framework */,
				DF7A227D1DE3FB02001BD798 /* Stencil.framework */,
				DF7A227E1DE3FB02001BD798 /* Witness.framework */,
				DF7A227B1DE3F9D8001BD798 /* Witness.framework */,
				DF7A22791DE3F9CD001BD798 /* Stencil.framework */,
			);
			name = Frameworks;
			sourceTree = "<group>";
		};
		FA2EBB431DC879BE00E5F75A /* Resources */ = {
			isa = PBXGroup;
			children = (
				FA2EBB441DC879F200E5F75A /* Runtime */,
				FA2EBB4A1DC879F200E5F75A /* Templates */,
			);
			path = Resources;
			sourceTree = "<group>";
		};
		FA2EBB441DC879F200E5F75A /* Runtime */ = {
			isa = PBXGroup;
			children = (
				FA2EBB451DC879F200E5F75A /* ActivatedAssembly.swift */,
				FA2EBB461DC879F200E5F75A /* ActivatedDefinition.swift */,
				FA2EBB471DC879F200E5F75A /* Model.swift */,
				FA2EBB481DC879F200E5F75A /* Pools.swift */,
				FA2EBB491DC879F200E5F75A /* Stack.swift */,
			);
			path = Runtime;
			sourceTree = "<group>";
		};
		FA2EBB4A1DC879F200E5F75A /* Templates */ = {
			isa = PBXGroup;
			children = (
				FA2EBB4B1DC879F200E5F75A /* Assemblies.stencil */,
				FA2EBB4C1DC879F200E5F75A /* Definition.stencil */,
			);
			path = Templates;
			sourceTree = "<group>";
		};
		FAA53C601DB6B70500C06D77 /* Models */ = {
			isa = PBXGroup;
			children = (
				__PBXFileRef_Sources/JSON.swift /* JSON.swift */,
				__PBXFileRef_Sources/MethodDefinition.swift /* MethodDefinition.swift */,
				__PBXFileRef_Sources/Model.swift /* Definitions.swift */,
				__PBXFileRef_Sources/Models.swift /* BuilderModels.swift */,
			);
			name = Models;
			sourceTree = "<group>";
		};
		FAA53C611DB6B70E00C06D77 /* Agent */ = {
			isa = PBXGroup;
			children = (
				__PBXFileRef_Sources/Config.swift /* Config.swift */,
				__PBXFileRef_Sources/Launcher.swift /* Launcher.swift */,
			);
			name = Agent;
			sourceTree = "<group>";
		};
		FAA53C621DB6B71900C06D77 /* Generator */ = {
			isa = PBXGroup;
			children = (
				__PBXFileRef_Sources/AssemblyGenerator.swift /* AssemblyGenerator.swift */,
			);
			name = Generator;
			sourceTree = "<group>";
		};
		FAA53C631DB6B72B00C06D77 /* SourceKitten */ = {
			isa = PBXGroup;
			children = (
				__PBXFileRef_Sources/FileStructure.swift /* FileStructure.swift */,
				__PBXFileRef_Sources/SourceLangSwift.swift /* SourceLangSwift.swift */,
				__PBXFileRef_Sources/SwiftDocumentKey.swift /* SwiftDocumentKey.swift */,
			);
			name = SourceKitten;
			sourceTree = "<group>";
		};
		FAA53C641DB6B75D00C06D77 /* Builders */ = {
			isa = PBXGroup;
			children = (
				__PBXFileRef_Sources/AssemblyDefinitionBuilder.swift /* AssemblyDefinitionBuilder.swift */,
				"__PBXFileRef_Sources/MethodDefinitionBuilder+Inspections.swift" /* MethodDefinitionBuilder+Inspections.swift */,
				__PBXFileRef_Sources/FileDefinitionBuilder.swift /* FileDefinitionBuilder.swift */,
				__PBXFileRef_Sources/MethodDefinitionBuilder.swift /* MethodDefinitionBuilder.swift */,
			);
			name = Builders;
			sourceTree = "<group>";
		};
		FAA53C651DB6B77000C06D77 /* Utils */ = {
			isa = PBXGroup;
			children = (
				__PBXFileRef_Sources/RegularExpressionExtensions.swift /* RegularExpressionExtensions.swift */,
				__PBXFileRef_Sources/StringUtils.swift /* StringUtils.swift */,
				__PBXFileRef_Sources/Terminal.swift /* Terminal.swift */,
			);
			name = Utils;
			sourceTree = "<group>";
		};
		TestProducts_ /* Tests */ = {
			isa = PBXGroup;
			children = (
				"_____Product_TyphoonPackageTests" /* TyphoonPackageTests.xctest */,
			);
			name = Tests;
			sourceTree = "<group>";
		};
		"___RootGroup_" = {
			isa = PBXGroup;
			children = (
				"_____Configs_" /* Configs */,
				"_____Sources_" /* Sources */,
				FA2EBB431DC879BE00E5F75A /* Resources */,
				"_______Tests_" /* Tests */,
				"____Products_" /* Products */,
				DF7A22781DE3F9CD001BD798 /* Frameworks */,
			);
			sourceTree = "<group>";
		};
		"____Products_" /* Products */ = {
			isa = PBXGroup;
			children = (
				TestProducts_ /* Tests */,
				"_____Product_TyphoonSwift" /* typhoon */,
			);
			name = Products;
			sourceTree = "<group>";
		};
		"_____Configs_" /* Configs */ = {
			isa = PBXGroup;
			children = (
				__PBXFileRef_TyphoonSwift.xcodeproj/Configs/Project.xcconfig /* TyphoonSwift.xcodeproj/Configs/Project.xcconfig */,
			);
			name = Configs;
			sourceTree = "<group>";
		};
		"_____Sources_" /* Sources */ = {
			isa = PBXGroup;
			children = (
				"_______Group_TyphoonSwift" /* TyphoonSwift */,
			);
			name = Sources;
			sourceTree = "<group>";
		};
		"_______Group_TyphoonPackageTests" /* TyphoonPackageTests */ = {
			isa = PBXGroup;
			children = (
				__PBXFileRef_Tests/TyphoonPackageTests/TyphoonPackageTests.swift /* TyphoonPackageTests.swift */,
			);
			name = TyphoonPackageTests;
			path = Tests/TyphoonPackageTests;
			sourceTree = "<group>";
		};
		"_______Group_TyphoonSwift" /* TyphoonSwift */ = {
			isa = PBXGroup;
			children = (
				__PBXFileRef_Sources/main.swift /* main.swift */,
				FAA53C611DB6B70E00C06D77 /* Agent */,
				FAA53C641DB6B75D00C06D77 /* Builders */,
				FAA53C621DB6B71900C06D77 /* Generator */,
				FAA53C601DB6B70500C06D77 /* Models */,
				FAA53C631DB6B72B00C06D77 /* SourceKitten */,
				FAA53C651DB6B77000C06D77 /* Utils */,
			);
			name = TyphoonSwift;
			path = Sources;
			sourceTree = "<group>";
		};
		"_______Tests_" /* Tests */ = {
			isa = PBXGroup;
			children = (
				"_______Group_TyphoonPackageTests" /* TyphoonPackageTests */,
			);
			name = Tests;
			sourceTree = "<group>";
		};
/* End PBXGroup section */

/* Begin PBXNativeTarget section */
		"______Target_TyphoonPackageTests" /* TyphoonPackageTests */ = {
			isa = PBXNativeTarget;
			buildConfigurationList = "_______Confs_TyphoonPackageTests" /* Build configuration list for PBXNativeTarget "TyphoonPackageTests" */;
			buildPhases = (
				CompilePhase_TyphoonPackageTests /* Sources */,
				"___LinkPhase_TyphoonPackageTests" /* Frameworks */,
			);
			buildRules = (
			);
			dependencies = (
			);
			name = TyphoonPackageTests;
			productName = TyphoonPackageTests;
			productReference = "_____Product_TyphoonPackageTests" /* TyphoonPackageTests.xctest */;
			productType = "com.apple.product-type.bundle.unit-test";
		};
		"______Target_TyphoonSwift" /* TyphoonSwift */ = {
			isa = PBXNativeTarget;
			buildConfigurationList = "_______Confs_TyphoonSwift" /* Build configuration list for PBXNativeTarget "TyphoonSwift" */;
			buildPhases = (
				FA69A6011DEB19A00081E05C /* Fetch Dependencies */,
				CompilePhase_TyphoonSwift /* Sources */,
				"___LinkPhase_TyphoonSwift" /* Frameworks */,
				FA2EBB421DC8789800E5F75A /* Copy Runtime Sources */,
				FAF9B2B81DB6BC6B0024BB7D /* Copy Templates */,
			);
			buildRules = (
			);
			dependencies = (
			);
			name = TyphoonSwift;
			productName = TyphoonSwift;
			productReference = "_____Product_TyphoonSwift" /* typhoon */;
			productType = "com.apple.product-type.tool";
		};
/* End PBXNativeTarget section */

/* Begin PBXProject section */
		__RootObject_ /* Project object */ = {
			isa = PBXProject;
			attributes = {
				LastUpgradeCheck = 9999;
			};
			buildConfigurationList = "___RootConfs_" /* Build configuration list for PBXProject "TyphoonSwift" */;
			compatibilityVersion = "Xcode 3.2";
			developmentRegion = English;
			hasScannedForEncodings = 0;
			knownRegions = (
				en,
			);
			mainGroup = "___RootGroup_";
			productRefGroup = "____Products_" /* Products */;
			projectDirPath = "";
			projectRoot = "";
			targets = (
				"______Target_TyphoonSwift" /* TyphoonSwift */,
				"______Target_TyphoonPackageTests" /* TyphoonPackageTests */,
			);
		};
/* End PBXProject section */

/* Begin PBXShellScriptBuildPhase section */
		FA69A6011DEB19A00081E05C /* Fetch Dependencies */ = {
			isa = PBXShellScriptBuildPhase;
			buildActionMask = 2147483647;
			files = (
			);
			inputPaths = (
			);
			name = "Fetch Dependencies";
			outputPaths = (
			);
			runOnlyForDeploymentPostprocessing = 0;
			shellPath = /bin/sh;
			shellScript = "pushd Dependencies\nswift package generate-xcodeproj\npopd";
		};
/* End PBXShellScriptBuildPhase section */

/* Begin PBXSourcesBuildPhase section */
		CompilePhase_TyphoonPackageTests /* Sources */ = {
			isa = PBXSourcesBuildPhase;
			buildActionMask = 0;
			files = (
				__src_cc_ref_Tests/TyphoonPackageTests/TyphoonPackageTests.swift /* TyphoonPackageTests.swift in Sources */,
			);
			runOnlyForDeploymentPostprocessing = 0;
		};
		CompilePhase_TyphoonSwift /* Sources */ = {
			isa = PBXSourcesBuildPhase;
			buildActionMask = 0;
			files = (
				__src_cc_ref_Sources/AssemblyDefinitionBuilder.swift /* AssemblyDefinitionBuilder.swift in Sources */,
				__src_cc_ref_Sources/AssemblyGenerator.swift /* AssemblyGenerator.swift in Sources */,
				__src_cc_ref_Sources/Config.swift /* Config.swift in Sources */,
				__src_cc_ref_Sources/FileDefinitionBuilder.swift /* FileDefinitionBuilder.swift in Sources */,
				__src_cc_ref_Sources/FileStructure.swift /* FileStructure.swift in Sources */,
				__src_cc_ref_Sources/JSON.swift /* JSON.swift in Sources */,
				__src_cc_ref_Sources/Launcher.swift /* Launcher.swift in Sources */,
				__src_cc_ref_Sources/main.swift /* main.swift in Sources */,
				__src_cc_ref_Sources/MethodDefinition.swift /* MethodDefinition.swift in Sources */,
				"__src_cc_ref_Sources/MethodDefinitionBuilder+Inspections.swift" /* MethodDefinitionBuilder+Inspections.swift in Sources */,
				__src_cc_ref_Sources/MethodDefinitionBuilder.swift /* MethodDefinitionBuilder.swift in Sources */,
				__src_cc_ref_Sources/Model.swift /* Definitions.swift in Sources */,
				__src_cc_ref_Sources/Models.swift /* BuilderModels.swift in Sources */,
				__src_cc_ref_Sources/RegularExpressionExtensions.swift /* RegularExpressionExtensions.swift in Sources */,
				__src_cc_ref_Sources/SourceLangSwift.swift /* SourceLangSwift.swift in Sources */,
				__src_cc_ref_Sources/StringUtils.swift /* StringUtils.swift in Sources */,
				__src_cc_ref_Sources/SwiftDocumentKey.swift /* SwiftDocumentKey.swift in Sources */,
				__src_cc_ref_Sources/Terminal.swift /* Terminal.swift in Sources */,
			);
			runOnlyForDeploymentPostprocessing = 0;
		};
/* End PBXSourcesBuildPhase section */

/* Begin XCBuildConfiguration section */
		_ReleaseConf_TyphoonPackageTests /* Release */ = {
			isa = XCBuildConfiguration;
			buildSettings = {
				EMBEDDED_CONTENT_CONTAINS_SWIFT = YES;
				FRAMEWORK_SEARCH_PATHS = "$(PLATFORM_DIR)/Developer/Library/Frameworks";
				INFOPLIST_FILE = TyphoonSwift.xcodeproj/TyphoonPackageTests_Info.plist;
				LD_RUNPATH_SEARCH_PATHS = "@loader_path/../Frameworks";
				OTHER_LDFLAGS = "$(inherited)";
				OTHER_SWIFT_FLAGS = "$(inherited)";
				SWIFT_VERSION = 3.0;
			};
			name = Release;
		};
		_ReleaseConf_TyphoonSwift /* Release */ = {
			isa = XCBuildConfiguration;
			buildSettings = {
				FRAMEWORK_SEARCH_PATHS = (
					"$(PLATFORM_DIR)/Developer/Library/Frameworks",
					"$(PROJECT_DIR)/Dependencies/build/Debug",
				);
				LD_RUNPATH_SEARCH_PATHS = "$(TOOLCHAIN_DIR)/usr/lib/swift/macosx @executable_path @executable_path/Frameworks @executable_path/../Frameworks";
				OTHER_LDFLAGS = "$(inherited)";
				OTHER_SWIFT_FLAGS = "$(inherited)";
				PRODUCT_NAME = typhoon;
				SWIFT_FORCE_DYNAMIC_LINK_STDLIB = YES;
				SWIFT_FORCE_STATIC_LINK_STDLIB = NO;
				SWIFT_VERSION = 3.0;
			};
			name = Release;
		};
		"___DebugConf_TyphoonPackageTests" /* Debug */ = {
			isa = XCBuildConfiguration;
			buildSettings = {
				EMBEDDED_CONTENT_CONTAINS_SWIFT = YES;
				FRAMEWORK_SEARCH_PATHS = "$(PLATFORM_DIR)/Developer/Library/Frameworks";
				INFOPLIST_FILE = TyphoonSwift.xcodeproj/TyphoonPackageTests_Info.plist;
				LD_RUNPATH_SEARCH_PATHS = "@loader_path/../Frameworks";
				OTHER_LDFLAGS = "$(inherited)";
				OTHER_SWIFT_FLAGS = "$(inherited)";
				SWIFT_OPTIMIZATION_LEVEL = "-Onone";
				SWIFT_VERSION = 3.0;
			};
			name = Debug;
		};
		"___DebugConf_TyphoonSwift" /* Debug */ = {
			isa = XCBuildConfiguration;
			buildSettings = {
				FRAMEWORK_SEARCH_PATHS = (
					"$(PLATFORM_DIR)/Developer/Library/Frameworks",
					"$(PROJECT_DIR)/Dependencies/build/Debug",
				);
				LD_RUNPATH_SEARCH_PATHS = "$(TOOLCHAIN_DIR)/usr/lib/swift/macosx @executable_path @executable_path/Frameworks @executable_path/../Frameworks";
				OTHER_LDFLAGS = "$(inherited)";
				OTHER_SWIFT_FLAGS = "$(inherited)";
				PRODUCT_NAME = typhoon;
				SWIFT_FORCE_DYNAMIC_LINK_STDLIB = YES;
				SWIFT_FORCE_STATIC_LINK_STDLIB = NO;
				SWIFT_OPTIMIZATION_LEVEL = "-Onone";
				SWIFT_VERSION = 3.0;
			};
			name = Debug;
		};
		"_____Release_" /* Release */ = {
			isa = XCBuildConfiguration;
			baseConfigurationReference = __PBXFileRef_TyphoonSwift.xcodeproj/Configs/Project.xcconfig /* TyphoonSwift.xcodeproj/Configs/Project.xcconfig */;
			buildSettings = {
			};
			name = Release;
		};
		"_______Debug_" /* Debug */ = {
			isa = XCBuildConfiguration;
			baseConfigurationReference = __PBXFileRef_TyphoonSwift.xcodeproj/Configs/Project.xcconfig /* TyphoonSwift.xcodeproj/Configs/Project.xcconfig */;
			buildSettings = {
			};
			name = Debug;
		};
/* End XCBuildConfiguration section */

/* Begin XCConfigurationList section */
		"___RootConfs_" /* Build configuration list for PBXProject "TyphoonSwift" */ = {
			isa = XCConfigurationList;
			buildConfigurations = (
				"_______Debug_" /* Debug */,
				"_____Release_" /* Release */,
			);
			defaultConfigurationIsVisible = 0;
			defaultConfigurationName = Debug;
		};
		"_______Confs_TyphoonPackageTests" /* Build configuration list for PBXNativeTarget "TyphoonPackageTests" */ = {
			isa = XCConfigurationList;
			buildConfigurations = (
				"___DebugConf_TyphoonPackageTests" /* Debug */,
				_ReleaseConf_TyphoonPackageTests /* Release */,
			);
			defaultConfigurationIsVisible = 0;
			defaultConfigurationName = Debug;
		};
		"_______Confs_TyphoonSwift" /* Build configuration list for PBXNativeTarget "TyphoonSwift" */ = {
			isa = XCConfigurationList;
			buildConfigurations = (
				"___DebugConf_TyphoonSwift" /* Debug */,
				_ReleaseConf_TyphoonSwift /* Release */,
			);
			defaultConfigurationIsVisible = 0;
			defaultConfigurationName = Debug;
		};
/* End XCConfigurationList section */
	};
	rootObject = __RootObject_ /* Project object */;
}
