// !$*UTF8*$!
{
	archiveVersion = 1;
	classes = {
	};
	objectVersion = 46;
	objects = {

/* Begin PBXBuildFile section */
		FA1952BD1DBCD9B8002E0FE1 /* AppDelegate.swift in Sources */ = {isa = PBXBuildFile; fileRef = FA1952BC1DBCD9B8002E0FE1 /* AppDelegate.swift */; };
		FA1952BF1DBCD9B8002E0FE1 /* ViewController.swift in Sources */ = {isa = PBXBuildFile; fileRef = FA1952BE1DBCD9B8002E0FE1 /* ViewController.swift */; };
		FA1952C21DBCD9B8002E0FE1 /* Main.storyboard in Resources */ = {isa = PBXBuildFile; fileRef = FA1952C01DBCD9B8002E0FE1 /* Main.storyboard */; };
		FA1952C41DBCD9B8002E0FE1 /* Assets.xcassets in Resources */ = {isa = PBXBuildFile; fileRef = FA1952C31DBCD9B8002E0FE1 /* Assets.xcassets */; };
		FA1952C71DBCD9B8002E0FE1 /* LaunchScreen.storyboard in Resources */ = {isa = PBXBuildFile; fileRef = FA1952C51DBCD9B8002E0FE1 /* LaunchScreen.storyboard */; };
		FA1952D41DBCDA25002E0FE1 /* ActivatedAssembly.swift in Sources */ = {isa = PBXBuildFile; fileRef = FA1952CF1DBCDA25002E0FE1 /* ActivatedAssembly.swift */; };
		FA1952D51DBCDA25002E0FE1 /* ActivatedDefinition.swift in Sources */ = {isa = PBXBuildFile; fileRef = FA1952D01DBCDA25002E0FE1 /* ActivatedDefinition.swift */; };
		FA1952D61DBCDA25002E0FE1 /* Model.swift in Sources */ = {isa = PBXBuildFile; fileRef = FA1952D11DBCDA25002E0FE1 /* Model.swift */; };
		FA1952D71DBCDA25002E0FE1 /* Pools.swift in Sources */ = {isa = PBXBuildFile; fileRef = FA1952D21DBCDA25002E0FE1 /* Pools.swift */; };
		FA1952D81DBCDA25002E0FE1 /* Stack.swift in Sources */ = {isa = PBXBuildFile; fileRef = FA1952D31DBCDA25002E0FE1 /* Stack.swift */; };
		FA1952DE1DBCDBDE002E0FE1 /* input.swift in Sources */ = {isa = PBXBuildFile; fileRef = FA1952DC1DBCDBDE002E0FE1 /* input.swift */; };
		FA1952E01DBCDBEE002E0FE1 /* typhoon.swift in Sources */ = {isa = PBXBuildFile; fileRef = FA1952DF1DBCDBEE002E0FE1 /* typhoon.swift */; };
		FA2EBB361DC5D55400E5F75A /* Typhoon.plist in Resources */ = {isa = PBXBuildFile; fileRef = FA2EBB351DC5D55400E5F75A /* Typhoon.plist */; };
/* End PBXBuildFile section */

/* Begin PBXFileReference section */
		FA1952B91DBCD9B8002E0FE1 /* TyphoonSwiftExample.app */ = {isa = PBXFileReference; explicitFileType = wrapper.application; includeInIndex = 0; path = TyphoonSwiftExample.app; sourceTree = BUILT_PRODUCTS_DIR; };
		FA1952BC1DBCD9B8002E0FE1 /* AppDelegate.swift */ = {isa = PBXFileReference; lastKnownFileType = sourcecode.swift; path = AppDelegate.swift; sourceTree = "<group>"; };
		FA1952BE1DBCD9B8002E0FE1 /* ViewController.swift */ = {isa = PBXFileReference; lastKnownFileType = sourcecode.swift; path = ViewController.swift; sourceTree = "<group>"; };
		FA1952C11DBCD9B8002E0FE1 /* Base */ = {isa = PBXFileReference; lastKnownFileType = file.storyboard; name = Base; path = Base.lproj/Main.storyboard; sourceTree = "<group>"; };
		FA1952C31DBCD9B8002E0FE1 /* Assets.xcassets */ = {isa = PBXFileReference; lastKnownFileType = folder.assetcatalog; path = Assets.xcassets; sourceTree = "<group>"; };
		FA1952C61DBCD9B8002E0FE1 /* Base */ = {isa = PBXFileReference; lastKnownFileType = file.storyboard; name = Base; path = Base.lproj/LaunchScreen.storyboard; sourceTree = "<group>"; };
		FA1952C81DBCD9B8002E0FE1 /* Info.plist */ = {isa = PBXFileReference; lastKnownFileType = text.plist.xml; path = Info.plist; sourceTree = "<group>"; };
		FA1952CF1DBCDA25002E0FE1 /* ActivatedAssembly.swift */ = {isa = PBXFileReference; fileEncoding = 4; lastKnownFileType = sourcecode.swift; path = ActivatedAssembly.swift; sourceTree = "<group>"; };
		FA1952D01DBCDA25002E0FE1 /* ActivatedDefinition.swift */ = {isa = PBXFileReference; fileEncoding = 4; lastKnownFileType = sourcecode.swift; path = ActivatedDefinition.swift; sourceTree = "<group>"; };
		FA1952D11DBCDA25002E0FE1 /* Model.swift */ = {isa = PBXFileReference; fileEncoding = 4; lastKnownFileType = sourcecode.swift; path = Model.swift; sourceTree = "<group>"; };
		FA1952D21DBCDA25002E0FE1 /* Pools.swift */ = {isa = PBXFileReference; fileEncoding = 4; lastKnownFileType = sourcecode.swift; path = Pools.swift; sourceTree = "<group>"; };
		FA1952D31DBCDA25002E0FE1 /* Stack.swift */ = {isa = PBXFileReference; fileEncoding = 4; lastKnownFileType = sourcecode.swift; path = Stack.swift; sourceTree = "<group>"; };
		FA1952DC1DBCDBDE002E0FE1 /* input.swift */ = {isa = PBXFileReference; fileEncoding = 4; lastKnownFileType = sourcecode.swift; path = input.swift; sourceTree = "<group>"; };
		FA1952DF1DBCDBEE002E0FE1 /* typhoon.swift */ = {isa = PBXFileReference; fileEncoding = 4; lastKnownFileType = sourcecode.swift; path = typhoon.swift; sourceTree = "<group>"; };
		FA2EBB351DC5D55400E5F75A /* Typhoon.plist */ = {isa = PBXFileReference; fileEncoding = 4; lastKnownFileType = text.plist.xml; path = Typhoon.plist; sourceTree = "<group>"; };
/* End PBXFileReference section */

/* Begin PBXFrameworksBuildPhase section */
		FA1952B61DBCD9B8002E0FE1 /* Frameworks */ = {
			isa = PBXFrameworksBuildPhase;
			buildActionMask = 2147483647;
			files = (
			);
			runOnlyForDeploymentPostprocessing = 0;
		};
/* End PBXFrameworksBuildPhase section */

/* Begin PBXGroup section */
		FA1952B01DBCD9B8002E0FE1 = {
			isa = PBXGroup;
			children = (
				FA2EBB351DC5D55400E5F75A /* Typhoon.plist */,
				FA1952BB1DBCD9B8002E0FE1 /* TyphoonSwiftExample */,
				FA1952BA1DBCD9B8002E0FE1 /* Products */,
			);
			sourceTree = "<group>";
		};
		FA1952BA1DBCD9B8002E0FE1 /* Products */ = {
			isa = PBXGroup;
			children = (
				FA1952B91DBCD9B8002E0FE1 /* TyphoonSwiftExample.app */,
			);
			name = Products;
			sourceTree = "<group>";
		};
		FA1952BB1DBCD9B8002E0FE1 /* TyphoonSwiftExample */ = {
			isa = PBXGroup;
			children = (
				FA1952DB1DBCDBDE002E0FE1 /* Assemblies */,
				FA1952DD1DBCDBDE002E0FE1 /* TyphoonOutput */,
				FA1952CE1DBCDA25002E0FE1 /* Runtime */,
				FA1952BC1DBCD9B8002E0FE1 /* AppDelegate.swift */,
				FA1952BE1DBCD9B8002E0FE1 /* ViewController.swift */,
				FA1952C01DBCD9B8002E0FE1 /* Main.storyboard */,
				FA1952C31DBCD9B8002E0FE1 /* Assets.xcassets */,
				FA1952C51DBCD9B8002E0FE1 /* LaunchScreen.storyboard */,
				FA1952C81DBCD9B8002E0FE1 /* Info.plist */,
			);
			path = TyphoonSwiftExample;
			sourceTree = "<group>";
		};
		FA1952CE1DBCDA25002E0FE1 /* Runtime */ = {
			isa = PBXGroup;
			children = (
				FA1952CF1DBCDA25002E0FE1 /* ActivatedAssembly.swift */,
				FA1952D01DBCDA25002E0FE1 /* ActivatedDefinition.swift */,
				FA1952D11DBCDA25002E0FE1 /* Model.swift */,
				FA1952D21DBCDA25002E0FE1 /* Pools.swift */,
				FA1952D31DBCDA25002E0FE1 /* Stack.swift */,
			);
			name = Runtime;
			path = ../../../Runtime;
			sourceTree = "<group>";
		};
		FA1952DB1DBCDBDE002E0FE1 /* Assemblies */ = {
			isa = PBXGroup;
			children = (
				FA1952DC1DBCDBDE002E0FE1 /* input.swift */,
			);
			path = Assemblies;
			sourceTree = "<group>";
		};
		FA1952DD1DBCDBDE002E0FE1 /* TyphoonOutput */ = {
			isa = PBXGroup;
			children = (
				FA1952DF1DBCDBEE002E0FE1 /* typhoon.swift */,
			);
			path = TyphoonOutput;
			sourceTree = "<group>";
		};
/* End PBXGroup section */

/* Begin PBXNativeTarget section */
		FA1952B81DBCD9B8002E0FE1 /* TyphoonSwiftExample */ = {
			isa = PBXNativeTarget;
			buildConfigurationList = FA1952CB1DBCD9B8002E0FE1 /* Build configuration list for PBXNativeTarget "TyphoonSwiftExample" */;
			buildPhases = (
				FA1952B51DBCD9B8002E0FE1 /* Sources */,
				FA1952B61DBCD9B8002E0FE1 /* Frameworks */,
				FA1952B71DBCD9B8002E0FE1 /* Resources */,
			);
			buildRules = (
			);
			dependencies = (
			);
			name = TyphoonSwiftExample;
			productName = TyphoonSwiftExample;
			productReference = FA1952B91DBCD9B8002E0FE1 /* TyphoonSwiftExample.app */;
			productType = "com.apple.product-type.application";
		};
/* End PBXNativeTarget section */

/* Begin PBXProject section */
		FA1952B11DBCD9B8002E0FE1 /* Project object */ = {
			isa = PBXProject;
			attributes = {
				LastSwiftUpdateCheck = 0800;
				LastUpgradeCheck = 0800;
				ORGANIZATIONNAME = AppsQuick.ly;
				TargetAttributes = {
					FA1952B81DBCD9B8002E0FE1 = {
						CreatedOnToolsVersion = 8.0;
						ProvisioningStyle = Automatic;
					};
				};
			};
			buildConfigurationList = FA1952B41DBCD9B8002E0FE1 /* Build configuration list for PBXProject "TyphoonSwiftExample" */;
			compatibilityVersion = "Xcode 3.2";
			developmentRegion = English;
			hasScannedForEncodings = 0;
			knownRegions = (
				en,
				Base,
			);
			mainGroup = FA1952B01DBCD9B8002E0FE1;
			productRefGroup = FA1952BA1DBCD9B8002E0FE1 /* Products */;
			projectDirPath = "";
			projectRoot = "";
			targets = (
				FA1952B81DBCD9B8002E0FE1 /* TyphoonSwiftExample */,
			);
		};
/* End PBXProject section */

/* Begin PBXResourcesBuildPhase section */
		FA1952B71DBCD9B8002E0FE1 /* Resources */ = {
			isa = PBXResourcesBuildPhase;
			buildActionMask = 2147483647;
			files = (
				FA2EBB361DC5D55400E5F75A /* Typhoon.plist in Resources */,
				FA1952C71DBCD9B8002E0FE1 /* LaunchScreen.storyboard in Resources */,
				FA1952C41DBCD9B8002E0FE1 /* Assets.xcassets in Resources */,
				FA1952C21DBCD9B8002E0FE1 /* Main.storyboard in Resources */,
			);
			runOnlyForDeploymentPostprocessing = 0;
		};
/* End PBXResourcesBuildPhase section */

/* Begin PBXSourcesBuildPhase section */
		FA1952B51DBCD9B8002E0FE1 /* Sources */ = {
			isa = PBXSourcesBuildPhase;
			buildActionMask = 2147483647;
			files = (
				FA1952D61DBCDA25002E0FE1 /* Model.swift in Sources */,
				FA1952E01DBCDBEE002E0FE1 /* typhoon.swift in Sources */,
				FA1952D71DBCDA25002E0FE1 /* Pools.swift in Sources */,
				FA1952D81DBCDA25002E0FE1 /* Stack.swift in Sources */,
				FA1952BF1DBCD9B8002E0FE1 /* ViewController.swift in Sources */,
				FA1952D41DBCDA25002E0FE1 /* ActivatedAssembly.swift in Sources */,
				FA1952D51DBCDA25002E0FE1 /* ActivatedDefinition.swift in Sources */,
				FA1952DE1DBCDBDE002E0FE1 /* input.swift in Sources */,
				FA1952BD1DBCD9B8002E0FE1 /* AppDelegate.swift in Sources */,
			);
			runOnlyForDeploymentPostprocessing = 0;
		};
/* End PBXSourcesBuildPhase section */

/* Begin PBXVariantGroup section */
		FA1952C01DBCD9B8002E0FE1 /* Main.storyboard */ = {
			isa = PBXVariantGroup;
			children = (
				FA1952C11DBCD9B8002E0FE1 /* Base */,
			);
			name = Main.storyboard;
			sourceTree = "<group>";
		};
		FA1952C51DBCD9B8002E0FE1 /* LaunchScreen.storyboard */ = {
			isa = PBXVariantGroup;
			children = (
				FA1952C61DBCD9B8002E0FE1 /* Base */,
			);
			name = LaunchScreen.storyboard;
			sourceTree = "<group>";
		};
/* End PBXVariantGroup section */

/* Begin XCBuildConfiguration section */
		FA1952C91DBCD9B8002E0FE1 /* Debug */ = {
			isa = XCBuildConfiguration;
			buildSettings = {
				ALWAYS_SEARCH_USER_PATHS = NO;
				CLANG_ANALYZER_NONNULL = YES;
				CLANG_CXX_LANGUAGE_STANDARD = "gnu++0x";
				CLANG_CXX_LIBRARY = "libc++";
				CLANG_ENABLE_MODULES = YES;
				CLANG_ENABLE_OBJC_ARC = YES;
				CLANG_WARN_BOOL_CONVERSION = YES;
				CLANG_WARN_CONSTANT_CONVERSION = YES;
				CLANG_WARN_DIRECT_OBJC_ISA_USAGE = YES_ERROR;
				CLANG_WARN_DOCUMENTATION_COMMENTS = YES;
				CLANG_WARN_EMPTY_BODY = YES;
				CLANG_WARN_ENUM_CONVERSION = YES;
				CLANG_WARN_INFINITE_RECURSION = YES;
				CLANG_WARN_INT_CONVERSION = YES;
				CLANG_WARN_OBJC_ROOT_CLASS = YES_ERROR;
				CLANG_WARN_SUSPICIOUS_MOVES = YES;
				CLANG_WARN_UNREACHABLE_CODE = YES;
				CLANG_WARN__DUPLICATE_METHOD_MATCH = YES;
				"CODE_SIGN_IDENTITY[sdk=iphoneos*]" = "iPhone Developer";
				COPY_PHASE_STRIP = NO;
				DEBUG_INFORMATION_FORMAT = dwarf;
				ENABLE_STRICT_OBJC_MSGSEND = YES;
				ENABLE_TESTABILITY = YES;
				GCC_C_LANGUAGE_STANDARD = gnu99;
				GCC_DYNAMIC_NO_PIC = NO;
				GCC_NO_COMMON_BLOCKS = YES;
				GCC_OPTIMIZATION_LEVEL = 0;
				GCC_PREPROCESSOR_DEFINITIONS = (
					"DEBUG=1",
					"$(inherited)",
				);
				GCC_WARN_64_TO_32_BIT_CONVERSION = YES;
				GCC_WARN_ABOUT_RETURN_TYPE = YES_ERROR;
				GCC_WARN_UNDECLARED_SELECTOR = YES;
				GCC_WARN_UNINITIALIZED_AUTOS = YES_AGGRESSIVE;
				GCC_WARN_UNUSED_FUNCTION = YES;
				GCC_WARN_UNUSED_VARIABLE = YES;
				IPHONEOS_DEPLOYMENT_TARGET = 10.0;
				MTL_ENABLE_DEBUG_INFO = YES;
				ONLY_ACTIVE_ARCH = YES;
				SDKROOT = iphoneos;
				SWIFT_ACTIVE_COMPILATION_CONDITIONS = DEBUG;
				SWIFT_OPTIMIZATION_LEVEL = "-Onone";
				TARGETED_DEVICE_FAMILY = "1,2";
			};
			name = Debug;
		};
		FA1952CA1DBCD9B8002E0FE1 /* Release */ = {
			isa = XCBuildConfiguration;
			buildSettings = {
				ALWAYS_SEARCH_USER_PATHS = NO;
				CLANG_ANALYZER_NONNULL = YES;
				CLANG_CXX_LANGUAGE_STANDARD = "gnu++0x";
				CLANG_CXX_LIBRARY = "libc++";
				CLANG_ENABLE_MODULES = YES;
				CLANG_ENABLE_OBJC_ARC = YES;
				CLANG_WARN_BOOL_CONVERSION = YES;
				CLANG_WARN_CONSTANT_CONVERSION = YES;
				CLANG_WARN_DIRECT_OBJC_ISA_USAGE = YES_ERROR;
				CLANG_WARN_DOCUMENTATION_COMMENTS = YES;
				CLANG_WARN_EMPTY_BODY = YES;
				CLANG_WARN_ENUM_CONVERSION = YES;
				CLANG_WARN_INFINITE_RECURSION = YES;
				CLANG_WARN_INT_CONVERSION = YES;
				CLANG_WARN_OBJC_ROOT_CLASS = YES_ERROR;
				CLANG_WARN_SUSPICIOUS_MOVES = YES;
				CLANG_WARN_UNREACHABLE_CODE = YES;
				CLANG_WARN__DUPLICATE_METHOD_MATCH = YES;
				"CODE_SIGN_IDENTITY[sdk=iphoneos*]" = "iPhone Developer";
				COPY_PHASE_STRIP = NO;
				DEBUG_INFORMATION_FORMAT = "dwarf-with-dsym";
				ENABLE_NS_ASSERTIONS = NO;
				ENABLE_STRICT_OBJC_MSGSEND = YES;
				GCC_C_LANGUAGE_STANDARD = gnu99;
				GCC_NO_COMMON_BLOCKS = YES;
				GCC_WARN_64_TO_32_BIT_CONVERSION = YES;
				GCC_WARN_ABOUT_RETURN_TYPE = YES_ERROR;
				GCC_WARN_UNDECLARED_SELECTOR = YES;
				GCC_WARN_UNINITIALIZED_AUTOS = YES_AGGRESSIVE;
				GCC_WARN_UNUSED_FUNCTION = YES;
				GCC_WARN_UNUSED_VARIABLE = YES;
				IPHONEOS_DEPLOYMENT_TARGET = 10.0;
				MTL_ENABLE_DEBUG_INFO = NO;
				SDKROOT = iphoneos;
				SWIFT_OPTIMIZATION_LEVEL = "-Owholemodule";
				TARGETED_DEVICE_FAMILY = "1,2";
				VALIDATE_PRODUCT = YES;
			};
			name = Release;
		};
		FA1952CC1DBCD9B8002E0FE1 /* Debug */ = {
			isa = XCBuildConfiguration;
			buildSettings = {
				ASSETCATALOG_COMPILER_APPICON_NAME = AppIcon;
				INFOPLIST_FILE = TyphoonSwiftExample/Info.plist;
				LD_RUNPATH_SEARCH_PATHS = "$(inherited) @executable_path/Frameworks";
				PRODUCT_BUNDLE_IDENTIFIER = "com.appsquickly.typhoon-swift.TyphoonSwiftExample";
				PRODUCT_NAME = "$(TARGET_NAME)";
				SWIFT_VERSION = 3.0;
			};
			name = Debug;
		};
		FA1952CD1DBCD9B8002E0FE1 /* Release */ = {
			isa = XCBuildConfiguration;
			buildSettings = {
				ASSETCATALOG_COMPILER_APPICON_NAME = AppIcon;
				INFOPLIST_FILE = TyphoonSwiftExample/Info.plist;
				LD_RUNPATH_SEARCH_PATHS = "$(inherited) @executable_path/Frameworks";
				PRODUCT_BUNDLE_IDENTIFIER = "com.appsquickly.typhoon-swift.TyphoonSwiftExample";
				PRODUCT_NAME = "$(TARGET_NAME)";
				SWIFT_VERSION = 3.0;
			};
			name = Release;
		};
/* End XCBuildConfiguration section */

/* Begin XCConfigurationList section */
		FA1952B41DBCD9B8002E0FE1 /* Build configuration list for PBXProject "TyphoonSwiftExample" */ = {
			isa = XCConfigurationList;
			buildConfigurations = (
				FA1952C91DBCD9B8002E0FE1 /* Debug */,
				FA1952CA1DBCD9B8002E0FE1 /* Release */,
			);
			defaultConfigurationIsVisible = 0;
			defaultConfigurationName = Release;
		};
		FA1952CB1DBCD9B8002E0FE1 /* Build configuration list for PBXNativeTarget "TyphoonSwiftExample" */ = {
			isa = XCConfigurationList;
			buildConfigurations = (
				FA1952CC1DBCD9B8002E0FE1 /* Debug */,
				FA1952CD1DBCD9B8002E0FE1 /* Release */,
			);
			defaultConfigurationIsVisible = 0;
			defaultConfigurationName = Release;
		};
/* End XCConfigurationList section */
	};
	rootObject = FA1952B11DBCD9B8002E0FE1 /* Project object */;
}
